{
  "pins" : [
    {
      "identity" : "multipartform",
      "kind" : "remoteSourceControl",
      "location" : "https://github.com/davbeck/MultipartForm",
      "state" : {
        "revision" : "c91979ea956a360bf84f0cc480afbcc7c946c753",
        "version" : "0.1.0"
      }
    }
  ],
  "version" : 2
}
