// !$*UTF8*$!
{
	archiveVersion = 1;
	classes = {
	};
	objectVersion = 55;
	objects = {

/* Begin PBXBuildFile section */
		47332D92281C5789008407B9 /* UIColor+Extension.swift in Sources */ = {isa = PBXBuildFile; fileRef = 47332D91281C5789008407B9 /* UIColor+Extension.swift */; };
		477510F2281BE5C0000B51C1 /* AppDelegate.swift in Sources */ = {isa = PBXBuildFile; fileRef = 477510F1281BE5C0000B51C1 /* AppDelegate.swift */; };
		477510F4281BE5C0000B51C1 /* SceneDelegate.swift in Sources */ = {isa = PBXBuildFile; fileRef = 477510F3281BE5C0000B51C1 /* SceneDelegate.swift */; };
		477510F6281BE5C0000B51C1 /* ViewController.swift in Sources */ = {isa = PBXBuildFile; fileRef = 477510F5281BE5C0000B51C1 /* ViewController.swift */; };
		477510F9281BE5C0000B51C1 /* Main.storyboard in Resources */ = {isa = PBXBuildFile; fileRef = 477510F7281BE5C0000B51C1 /* Main.storyboard */; };
		477510FC281BE5C0000B51C1 /* MyToDoApp.xcdatamodeld in Sources */ = {isa = PBXBuildFile; fileRef = 477510FA281BE5C0000B51C1 /* MyToDoApp.xcdatamodeld */; };
		477510FE281BE5C2000B51C1 /* Assets.xcassets in Resources */ = {isa = PBXBuildFile; fileRef = 477510FD281BE5C2000B51C1 /* Assets.xcassets */; };
		47751101281BE5C2000B51C1 /* LaunchScreen.storyboard in Resources */ = {isa = PBXBuildFile; fileRef = 477510FF281BE5C2000B51C1 /* LaunchScreen.storyboard */; };
		47751109281BFBE4000B51C1 /* ToDoCell.swift in Sources */ = {isa = PBXBuildFile; fileRef = 47751108281BFBE4000B51C1 /* ToDoCell.swift */; };
		4775110E281C01B5000B51C1 /* CoreDataManager.swift in Sources */ = {isa = PBXBuildFile; fileRef = 4775110D281C01B5000B51C1 /* CoreDataManager.swift */; };
		47751115281C0400000B51C1 /* ToDoData+CoreDataClass.swift in Sources */ = {isa = PBXBuildFile; fileRef = 47751113281C0400000B51C1 /* ToDoData+CoreDataClass.swift */; };
		47751116281C0400000B51C1 /* ToDoData+CoreDataProperties.swift in Sources */ = {isa = PBXBuildFile; fileRef = 47751114281C0400000B51C1 /* ToDoData+CoreDataProperties.swift */; };
		47751119281C098F000B51C1 /* MyColor.swift in Sources */ = {isa = PBXBuildFile; fileRef = 47751118281C098F000B51C1 /* MyColor.swift */; };
		4775111B281C0D0A000B51C1 /* DetailViewController.swift in Sources */ = {isa = PBXBuildFile; fileRef = 4775111A281C0D0A000B51C1 /* DetailViewController.swift */; };
/* End PBXBuildFile section */

/* Begin PBXFileReference section */
		47332D91281C5789008407B9 /* UIColor+Extension.swift */ = {isa = PBXFileReference; lastKnownFileType = sourcecode.swift; path = "UIColor+Extension.swift"; sourceTree = "<group>"; };
		477510EE281BE5C0000B51C1 /* MyToDoApp.app */ = {isa = PBXFileReference; explicitFileType = wrapper.application; includeInIndex = 0; path = MyToDoApp.app; sourceTree = BUILT_PRODUCTS_DIR; };
		477510F1281BE5C0000B51C1 /* AppDelegate.swift */ = {isa = PBXFileReference; lastKnownFileType = sourcecode.swift; path = AppDelegate.swift; sourceTree = "<group>"; };
		477510F3281BE5C0000B51C1 /* SceneDelegate.swift */ = {isa = PBXFileReference; lastKnownFileType = sourcecode.swift; path = SceneDelegate.swift; sourceTree = "<group>"; };
		477510F5281BE5C0000B51C1 /* ViewController.swift */ = {isa = PBXFileReference; lastKnownFileType = sourcecode.swift; path = ViewController.swift; sourceTree = "<group>"; };
		477510F8281BE5C0000B51C1 /* Base */ = {isa = PBXFileReference; lastKnownFileType = file.storyboard; name = Base; path = Base.lproj/Main.storyboard; sourceTree = "<group>"; };
		477510FB281BE5C0000B51C1 /* MyToDoApp.xcdatamodel */ = {isa = PBXFileReference; lastKnownFileType = wrapper.xcdatamodel; path = MyToDoApp.xcdatamodel; sourceTree = "<group>"; };
		477510FD281BE5C2000B51C1 /* Assets.xcassets */ = {isa = PBXFileReference; lastKnownFileType = folder.assetcatalog; path = Assets.xcassets; sourceTree = "<group>"; };
		47751100281BE5C2000B51C1 /* Base */ = {isa = PBXFileReference; lastKnownFileType = file.storyboard; name = Base; path = Base.lproj/LaunchScreen.storyboard; sourceTree = "<group>"; };
		47751102281BE5C2000B51C1 /* Info.plist */ = {isa = PBXFileReference; lastKnownFileType = text.plist.xml; path = Info.plist; sourceTree = "<group>"; };
		47751108281BFBE4000B51C1 /* ToDoCell.swift */ = {isa = PBXFileReference; lastKnownFileType = sourcecode.swift; path = ToDoCell.swift; sourceTree = "<group>"; };
		4775110D281C01B5000B51C1 /* CoreDataManager.swift */ = {isa = PBXFileReference; lastKnownFileType = sourcecode.swift; path = CoreDataManager.swift; sourceTree = "<group>"; };
		47751113281C0400000B51C1 /* ToDoData+CoreDataClass.swift */ = {isa = PBXFileReference; lastKnownFileType = sourcecode.swift; path = "ToDoData+CoreDataClass.swift"; sourceTree = SOURCE_ROOT; };
		47751114281C0400000B51C1 /* ToDoData+CoreDataProperties.swift */ = {isa = PBXFileReference; lastKnownFileType = sourcecode.swift; path = "ToDoData+CoreDataProperties.swift"; sourceTree = SOURCE_ROOT; };
		47751118281C098F000B51C1 /* MyColor.swift */ = {isa = PBXFileReference; lastKnownFileType = sourcecode.swift; path = MyColor.swift; sourceTree = "<group>"; };
		4775111A281C0D0A000B51C1 /* DetailViewController.swift */ = {isa = PBXFileReference; lastKnownFileType = sourcecode.swift; path = DetailViewController.swift; sourceTree = "<group>"; };
/* End PBXFileReference section */

/* Begin PBXFrameworksBuildPhase section */
		477510EB281BE5C0000B51C1 /* Frameworks */ = {
			isa = PBXFrameworksBuildPhase;
			buildActionMask = 2147483647;
			files = (
			);
			runOnlyForDeploymentPostprocessing = 0;
		};
/* End PBXFrameworksBuildPhase section */

/* Begin PBXGroup section */
		477510E5281BE5C0000B51C1 = {
			isa = PBXGroup;
			children = (
				477510F0281BE5C0000B51C1 /* MyToDoApp */,
				477510EF281BE5C0000B51C1 /* Products */,
			);
			sourceTree = "<group>";
		};
		477510EF281BE5C0000B51C1 /* Products */ = {
			isa = PBXGroup;
			children = (
				477510EE281BE5C0000B51C1 /* MyToDoApp.app */,
			);
			name = Products;
			sourceTree = "<group>";
		};
		477510F0281BE5C0000B51C1 /* MyToDoApp */ = {
			isa = PBXGroup;
			children = (
				477510F1281BE5C0000B51C1 /* AppDelegate.swift */,
				477510F3281BE5C0000B51C1 /* SceneDelegate.swift */,
				47751117281C097D000B51C1 /* Helpers */,
				4775110A281C00A0000B51C1 /* Models */,
				4775110C281C00B2000B51C1 /* Views */,
				4775110B281C00A9000B51C1 /* Controllers */,
				477510F7281BE5C0000B51C1 /* Main.storyboard */,
				477510FD281BE5C2000B51C1 /* Assets.xcassets */,
				477510FF281BE5C2000B51C1 /* LaunchScreen.storyboard */,
				47751102281BE5C2000B51C1 /* Info.plist */,
				477510FA281BE5C0000B51C1 /* MyToDoApp.xcdatamodeld */,
			);
			path = MyToDoApp;
			sourceTree = "<group>";
		};
		4775110A281C00A0000B51C1 /* Models */ = {
			isa = PBXGroup;
			children = (
				47751113281C0400000B51C1 /* ToDoData+CoreDataClass.swift */,
				47751114281C0400000B51C1 /* ToDoData+CoreDataProperties.swift */,
				4775110D281C01B5000B51C1 /* CoreDataManager.swift */,
			);
			path = Models;
			sourceTree = "<group>";
		};
		4775110B281C00A9000B51C1 /* Controllers */ = {
			isa = PBXGroup;
			children = (
				477510F5281BE5C0000B51C1 /* ViewController.swift */,
				4775111A281C0D0A000B51C1 /* DetailViewController.swift */,
			);
			path = Controllers;
			sourceTree = "<group>";
		};
		4775110C281C00B2000B51C1 /* Views */ = {
			isa = PBXGroup;
			children = (
				47751108281BFBE4000B51C1 /* ToDoCell.swift */,
			);
			path = Views;
			sourceTree = "<group>";
		};
		47751117281C097D000B51C1 /* Helpers */ = {
			isa = PBXGroup;
			children = (
				47751118281C098F000B51C1 /* MyColor.swift */,
				47332D91281C5789008407B9 /* UIColor+Extension.swift */,
			);
			path = Helpers;
			sourceTree = "<group>";
		};
/* End PBXGroup section */

/* Begin PBXNativeTarget section */
		477510ED281BE5C0000B51C1 /* MyToDoApp */ = {
			isa = PBXNativeTarget;
			buildConfigurationList = 47751105281BE5C2000B51C1 /* Build configuration list for PBXNativeTarget "MyToDoApp" */;
			buildPhases = (
				477510EA281BE5C0000B51C1 /* Sources */,
				477510EB281BE5C0000B51C1 /* Frameworks */,
				477510EC281BE5C0000B51C1 /* Resources */,
			);
			buildRules = (
			);
			dependencies = (
			);
			name = MyToDoApp;
			productName = MyToDoApp;
			productReference = 477510EE281BE5C0000B51C1 /* MyToDoApp.app */;
			productType = "com.apple.product-type.application";
		};
/* End PBXNativeTarget section */

/* Begin PBXProject section */
		477510E6281BE5C0000B51C1 /* Project object */ = {
			isa = PBXProject;
			attributes = {
				BuildIndependentTargetsInParallel = 1;
				LastSwiftUpdateCheck = 1300;
				LastUpgradeCheck = 1300;
				TargetAttributes = {
					477510ED281BE5C0000B51C1 = {
						CreatedOnToolsVersion = 13.0;
					};
				};
			};
			buildConfigurationList = 477510E9281BE5C0000B51C1 /* Build configuration list for PBXProject "MyToDoApp" */;
			compatibilityVersion = "Xcode 13.0";
			developmentRegion = en;
			hasScannedForEncodings = 0;
			knownRegions = (
				en,
				Base,
			);
			mainGroup = 477510E5281BE5C0000B51C1;
			productRefGroup = 477510EF281BE5C0000B51C1 /* Products */;
			projectDirPath = "";
			projectRoot = "";
			targets = (
				477510ED281BE5C0000B51C1 /* MyToDoApp */,
			);
		};
/* End PBXProject section */

/* Begin PBXResourcesBuildPhase section */
		477510EC281BE5C0000B51C1 /* Resources */ = {
			isa = PBXResourcesBuildPhase;
			buildActionMask = 2147483647;
			files = (
				47751101281BE5C2000B51C1 /* LaunchScreen.storyboard in Resources */,
				477510FE281BE5C2000B51C1 /* Assets.xcassets in Resources */,
				477510F9281BE5C0000B51C1 /* Main.storyboard in Resources */,
			);
			runOnlyForDeploymentPostprocessing = 0;
		};
/* End PBXResourcesBuildPhase section */

/* Begin PBXSourcesBuildPhase section */
		477510EA281BE5C0000B51C1 /* Sources */ = {
			isa = PBXSourcesBuildPhase;
			buildActionMask = 2147483647;
			files = (
				4775110E281C01B5000B51C1 /* CoreDataManager.swift in Sources */,
				47751115281C0400000B51C1 /* ToDoData+CoreDataClass.swift in Sources */,
				477510F6281BE5C0000B51C1 /* ViewController.swift in Sources */,
				47332D92281C5789008407B9 /* UIColor+Extension.swift in Sources */,
				477510F2281BE5C0000B51C1 /* AppDelegate.swift in Sources */,
				477510F4281BE5C0000B51C1 /* SceneDelegate.swift in Sources */,
				47751116281C0400000B51C1 /* ToDoData+CoreDataProperties.swift in Sources */,
				477510FC281BE5C0000B51C1 /* MyToDoApp.xcdatamodeld in Sources */,
				4775111B281C0D0A000B51C1 /* DetailViewController.swift in Sources */,
				47751109281BFBE4000B51C1 /* ToDoCell.swift in Sources */,
				47751119281C098F000B51C1 /* MyColor.swift in Sources */,
			);
			runOnlyForDeploymentPostprocessing = 0;
		};
/* End PBXSourcesBuildPhase section */

/* Begin PBXVariantGroup section */
		477510F7281BE5C0000B51C1 /* Main.storyboard */ = {
			isa = PBXVariantGroup;
			children = (
				477510F8281BE5C0000B51C1 /* Base */,
			);
			name = Main.storyboard;
			sourceTree = "<group>";
		};
		477510FF281BE5C2000B51C1 /* LaunchScreen.storyboard */ = {
			isa = PBXVariantGroup;
			children = (
				47751100281BE5C2000B51C1 /* Base */,
			);
			name = LaunchScreen.storyboard;
			sourceTree = "<group>";
		};
/* End PBXVariantGroup section */

/* Begin XCBuildConfiguration section */
		47751103281BE5C2000B51C1 /* Debug */ = {
			isa = XCBuildConfiguration;
			buildSettings = {
				ALWAYS_SEARCH_USER_PATHS = NO;
				CLANG_ANALYZER_NONNULL = YES;
				CLANG_ANALYZER_NUMBER_OBJECT_CONVERSION = YES_AGGRESSIVE;
				CLANG_CXX_LANGUAGE_STANDARD = "gnu++17";
				CLANG_CXX_LIBRARY = "libc++";
				CLANG_ENABLE_MODULES = YES;
				CLANG_ENABLE_OBJC_ARC = YES;
				CLANG_ENABLE_OBJC_WEAK = YES;
				CLANG_WARN_BLOCK_CAPTURE_AUTORELEASING = YES;
				CLANG_WARN_BOOL_CONVERSION = YES;
				CLANG_WARN_COMMA = YES;
				CLANG_WARN_CONSTANT_CONVERSION = YES;
				CLANG_WARN_DEPRECATED_OBJC_IMPLEMENTATIONS = YES;
				CLANG_WARN_DIRECT_OBJC_ISA_USAGE = YES_ERROR;
				CLANG_WARN_DOCUMENTATION_COMMENTS = YES;
				CLANG_WARN_EMPTY_BODY = YES;
				CLANG_WARN_ENUM_CONVERSION = YES;
				CLANG_WARN_INFINITE_RECURSION = YES;
				CLANG_WARN_INT_CONVERSION = YES;
				CLANG_WARN_NON_LITERAL_NULL_CONVERSION = YES;
				CLANG_WARN_OBJC_IMPLICIT_RETAIN_SELF = YES;
				CLANG_WARN_OBJC_LITERAL_CONVERSION = YES;
				CLANG_WARN_OBJC_ROOT_CLASS = YES_ERROR;
				CLANG_WARN_QUOTED_INCLUDE_IN_FRAMEWORK_HEADER = YES;
				CLANG_WARN_RANGE_LOOP_ANALYSIS = YES;
				CLANG_WARN_STRICT_PROTOTYPES = YES;
				CLANG_WARN_SUSPICIOUS_MOVE = YES;
				CLANG_WARN_UNGUARDED_AVAILABILITY = YES_AGGRESSIVE;
				CLANG_WARN_UNREACHABLE_CODE = YES;
				CLANG_WARN__DUPLICATE_METHOD_MATCH = YES;
				COPY_PHASE_STRIP = NO;
				DEBUG_INFORMATION_FORMAT = dwarf;
				ENABLE_STRICT_OBJC_MSGSEND = YES;
				ENABLE_TESTABILITY = YES;
				GCC_C_LANGUAGE_STANDARD = gnu11;
				GCC_DYNAMIC_NO_PIC = NO;
				GCC_NO_COMMON_BLOCKS = YES;
				GCC_OPTIMIZATION_LEVEL = 0;
				GCC_PREPROCESSOR_DEFINITIONS = (
					"DEBUG=1",
					"$(inherited)",
				);
				GCC_WARN_64_TO_32_BIT_CONVERSION = YES;
				GCC_WARN_ABOUT_RETURN_TYPE = YES_ERROR;
				GCC_WARN_UNDECLARED_SELECTOR = YES;
				GCC_WARN_UNINITIALIZED_AUTOS = YES_AGGRESSIVE;
				GCC_WARN_UNUSED_FUNCTION = YES;
				GCC_WARN_UNUSED_VARIABLE = YES;
				IPHONEOS_DEPLOYMENT_TARGET = 15.0;
				MTL_ENABLE_DEBUG_INFO = INCLUDE_SOURCE;
				MTL_FAST_MATH = YES;
				ONLY_ACTIVE_ARCH = YES;
				SDKROOT = iphoneos;
				SWIFT_ACTIVE_COMPILATION_CONDITIONS = DEBUG;
				SWIFT_OPTIMIZATION_LEVEL = "-Onone";
			};
			name = Debug;
		};
		47751104281BE5C2000B51C1 /* Release */ = {
			isa = XCBuildConfiguration;
			buildSettings = {
				ALWAYS_SEARCH_USER_PATHS = NO;
				CLANG_ANALYZER_NONNULL = YES;
				CLANG_ANALYZER_NUMBER_OBJECT_CONVERSION = YES_AGGRESSIVE;
				CLANG_CXX_LANGUAGE_STANDARD = "gnu++17";
				CLANG_CXX_LIBRARY = "libc++";
				CLANG_ENABLE_MODULES = YES;
				CLANG_ENABLE_OBJC_ARC = YES;
				CLANG_ENABLE_OBJC_WEAK = YES;
				CLANG_WARN_BLOCK_CAPTURE_AUTORELEASING = YES;
				CLANG_WARN_BOOL_CONVERSION = YES;
				CLANG_WARN_COMMA = YES;
				CLANG_WARN_CONSTANT_CONVERSION = YES;
				CLANG_WARN_DEPRECATED_OBJC_IMPLEMENTATIONS = YES;
				CLANG_WARN_DIRECT_OBJC_ISA_USAGE = YES_ERROR;
				CLANG_WARN_DOCUMENTATION_COMMENTS = YES;
				CLANG_WARN_EMPTY_BODY = YES;
				CLANG_WARN_ENUM_CONVERSION = YES;
				CLANG_WARN_INFINITE_RECURSION = YES;
				CLANG_WARN_INT_CONVERSION = YES;
				CLANG_WARN_NON_LITERAL_NULL_CONVERSION = YES;
				CLANG_WARN_OBJC_IMPLICIT_RETAIN_SELF = YES;
				CLANG_WARN_OBJC_LITERAL_CONVERSION = YES;
				CLANG_WARN_OBJC_ROOT_CLASS = YES_ERROR;
				CLANG_WARN_QUOTED_INCLUDE_IN_FRAMEWORK_HEADER = YES;
				CLANG_WARN_RANGE_LOOP_ANALYSIS = YES;
				CLANG_WARN_STRICT_PROTOTYPES = YES;
				CLANG_WARN_SUSPICIOUS_MOVE = YES;
				CLANG_WARN_UNGUARDED_AVAILABILITY = YES_AGGRESSIVE;
				CLANG_WARN_UNREACHABLE_CODE = YES;
				CLANG_WARN__DUPLICATE_METHOD_MATCH = YES;
				COPY_PHASE_STRIP = NO;
				DEBUG_INFORMATION_FORMAT = "dwarf-with-dsym";
				ENABLE_NS_ASSERTIONS = NO;
				ENABLE_STRICT_OBJC_MSGSEND = YES;
				GCC_C_LANGUAGE_STANDARD = gnu11;
				GCC_NO_COMMON_BLOCKS = YES;
				GCC_WARN_64_TO_32_BIT_CONVERSION = YES;
				GCC_WARN_ABOUT_RETURN_TYPE = YES_ERROR;
				GCC_WARN_UNDECLARED_SELECTOR = YES;
				GCC_WARN_UNINITIALIZED_AUTOS = YES_AGGRESSIVE;
				GCC_WARN_UNUSED_FUNCTION = YES;
				GCC_WARN_UNUSED_VARIABLE = YES;
				IPHONEOS_DEPLOYMENT_TARGET = 15.0;
				MTL_ENABLE_DEBUG_INFO = NO;
				MTL_FAST_MATH = YES;
				SDKROOT = iphoneos;
				SWIFT_COMPILATION_MODE = wholemodule;
				SWIFT_OPTIMIZATION_LEVEL = "-O";
				VALIDATE_PRODUCT = YES;
			};
			name = Release;
		};
		47751106281BE5C2000B51C1 /* Debug */ = {
			isa = XCBuildConfiguration;
			buildSettings = {
				ASSETCATALOG_COMPILER_APPICON_NAME = AppIcon;
				ASSETCATALOG_COMPILER_GLOBAL_ACCENT_COLOR_NAME = AccentColor;
				CODE_SIGN_STYLE = Automatic;
				CURRENT_PROJECT_VERSION = 1;
				GENERATE_INFOPLIST_FILE = YES;
				INFOPLIST_FILE = MyToDoApp/Info.plist;
				INFOPLIST_KEY_UIApplicationSupportsIndirectInputEvents = YES;
				INFOPLIST_KEY_UILaunchStoryboardName = LaunchScreen;
				INFOPLIST_KEY_UIMainStoryboardFile = Main;
				INFOPLIST_KEY_UISupportedInterfaceOrientations_iPad = "UIInterfaceOrientationPortrait UIInterfaceOrientationPortraitUpsideDown UIInterfaceOrientationLandscapeLeft UIInterfaceOrientationLandscapeRight";
				INFOPLIST_KEY_UISupportedInterfaceOrientations_iPhone = "UIInterfaceOrientationPortrait UIInterfaceOrientationLandscapeLeft UIInterfaceOrientationLandscapeRight";
				IPHONEOS_DEPLOYMENT_TARGET = 14.0;
				LD_RUNPATH_SEARCH_PATHS = (
					"$(inherited)",
					"@executable_path/Frameworks",
				);
				MARKETING_VERSION = 1.0;
				PRODUCT_BUNDLE_IDENTIFIER = com.allenschool.MyToDoApp;
				PRODUCT_NAME = "$(TARGET_NAME)";
				SWIFT_EMIT_LOC_STRINGS = YES;
				SWIFT_VERSION = 5.0;
				TARGETED_DEVICE_FAMILY = 1;
			};
			name = Debug;
		};
		47751107281BE5C2000B51C1 /* Release */ = {
			isa = XCBuildConfiguration;
			buildSettings = {
				ASSETCATALOG_COMPILER_APPICON_NAME = AppIcon;
				ASSETCATALOG_COMPILER_GLOBAL_ACCENT_COLOR_NAME = AccentColor;
				CODE_SIGN_STYLE = Automatic;
				CURRENT_PROJECT_VERSION = 1;
				GENERATE_INFOPLIST_FILE = YES;
				INFOPLIST_FILE = MyToDoApp/Info.plist;
				INFOPLIST_KEY_UIApplicationSupportsIndirectInputEvents = YES;
				INFOPLIST_KEY_UILaunchStoryboardName = LaunchScreen;
				INFOPLIST_KEY_UIMainStoryboardFile = Main;
				INFOPLIST_KEY_UISupportedInterfaceOrientations_iPad = "UIInterfaceOrientationPortrait UIInterfaceOrientationPortraitUpsideDown UIInterfaceOrientationLandscapeLeft UIInterfaceOrientationLandscapeRight";
				INFOPLIST_KEY_UISupportedInterfaceOrientations_iPhone = "UIInterfaceOrientationPortrait UIInterfaceOrientationLandscapeLeft UIInterfaceOrientationLandscapeRight";
				IPHONEOS_DEPLOYMENT_TARGET = 14.0;
				LD_RUNPATH_SEARCH_PATHS = (
					"$(inherited)",
					"@executable_path/Frameworks",
				);
				MARKETING_VERSION = 1.0;
				PRODUCT_BUNDLE_IDENTIFIER = com.allenschool.MyToDoApp;
				PRODUCT_NAME = "$(TARGET_NAME)";
				SWIFT_EMIT_LOC_STRINGS = YES;
				SWIFT_VERSION = 5.0;
				TARGETED_DEVICE_FAMILY = 1;
			};
			name = Release;
		};
/* End XCBuildConfiguration section */

/* Begin XCConfigurationList section */
		477510E9281BE5C0000B51C1 /* Build configuration list for PBXProject "MyToDoApp" */ = {
			isa = XCConfigurationList;
			buildConfigurations = (
				47751103281BE5C2000B51C1 /* Debug */,
				47751104281BE5C2000B51C1 /* Release */,
			);
			defaultConfigurationIsVisible = 0;
			defaultConfigurationName = Release;
		};
		47751105281BE5C2000B51C1 /* Build configuration list for PBXNativeTarget "MyToDoApp" */ = {
			isa = XCConfigurationList;
			buildConfigurations = (
				47751106281BE5C2000B51C1 /* Debug */,
				47751107281BE5C2000B51C1 /* Release */,
			);
			defaultConfigurationIsVisible = 0;
			defaultConfigurationName = Release;
		};
/* End XCConfigurationList section */

/* Begin XCVersionGroup section */
		477510FA281BE5C0000B51C1 /* MyToDoApp.xcdatamodeld */ = {
			isa = XCVersionGroup;
			children = (
				477510FB281BE5C0000B51C1 /* MyToDoApp.xcdatamodel */,
			);
			currentVersion = 477510FB281BE5C0000B51C1 /* MyToDoApp.xcdatamodel */;
			path = MyToDoApp.xcdatamodeld;
			sourceTree = "<group>";
			versionGroupType = wrapper.xcdatamodel;
		};
/* End XCVersionGroup section */
	};
	rootObject = 477510E6281BE5C0000B51C1 /* Project object */;
}
