// !$*UTF8*$!
{
	archiveVersion = 1;
	classes = {
	};
	objectVersion = 55;
	objects = {

/* Begin PBXBuildFile section */
		47D3EDB927EAD8C200211F61 /* AppDelegate.swift in Sources */ = {isa = PBXBuildFile; fileRef = 47D3EDB827EAD8C200211F61 /* AppDelegate.swift */; };
		47D3EDBB27EAD8C200211F61 /* SceneDelegate.swift in Sources */ = {isa = PBXBuildFile; fileRef = 47D3EDBA27EAD8C200211F61 /* SceneDelegate.swift */; };
		47D3EDBD27EAD8C200211F61 /* ViewController.swift in Sources */ = {isa = PBXBuildFile; fileRef = 47D3EDBC27EAD8C200211F61 /* ViewController.swift */; };
		47D3EDC027EAD8C200211F61 /* Main.storyboard in Resources */ = {isa = PBXBuildFile; fileRef = 47D3EDBE27EAD8C200211F61 /* Main.storyboard */; };
		47D3EDC227EAD8C300211F61 /* Assets.xcassets in Resources */ = {isa = PBXBuildFile; fileRef = 47D3EDC127EAD8C300211F61 /* Assets.xcassets */; };
		47D3EDC527EAD8C300211F61 /* LaunchScreen.storyboard in Resources */ = {isa = PBXBuildFile; fileRef = 47D3EDC327EAD8C300211F61 /* LaunchScreen.storyboard */; };
		47D3EDD027EADBBB00211F61 /* MemberListManager.swift in Sources */ = {isa = PBXBuildFile; fileRef = 47D3EDCF27EADBBB00211F61 /* MemberListManager.swift */; };
		47D3EDD227EADC4600211F61 /* Member.swift in Sources */ = {isa = PBXBuildFile; fileRef = 47D3EDD127EADC4600211F61 /* Member.swift */; };
		47D3EDD427EAF01800211F61 /* MyTableViewCell.swift in Sources */ = {isa = PBXBuildFile; fileRef = 47D3EDD327EAF01800211F61 /* MyTableViewCell.swift */; };
		47D3EDD627EAF75700211F61 /* DetailViewController.swift in Sources */ = {isa = PBXBuildFile; fileRef = 47D3EDD527EAF75700211F61 /* DetailViewController.swift */; };
		47D3EDD827EAF78E00211F61 /* DetailView.swift in Sources */ = {isa = PBXBuildFile; fileRef = 47D3EDD727EAF78E00211F61 /* DetailView.swift */; };
/* End PBXBuildFile section */

/* Begin PBXFileReference section */
		47D3EDB527EAD8C200211F61 /* MemberList.app */ = {isa = PBXFileReference; explicitFileType = wrapper.application; includeInIndex = 0; path = MemberList.app; sourceTree = BUILT_PRODUCTS_DIR; };
		47D3EDB827EAD8C200211F61 /* AppDelegate.swift */ = {isa = PBXFileReference; lastKnownFileType = sourcecode.swift; path = AppDelegate.swift; sourceTree = "<group>"; };
		47D3EDBA27EAD8C200211F61 /* SceneDelegate.swift */ = {isa = PBXFileReference; lastKnownFileType = sourcecode.swift; path = SceneDelegate.swift; sourceTree = "<group>"; };
		47D3EDBC27EAD8C200211F61 /* ViewController.swift */ = {isa = PBXFileReference; lastKnownFileType = sourcecode.swift; path = ViewController.swift; sourceTree = "<group>"; };
		47D3EDBF27EAD8C200211F61 /* Base */ = {isa = PBXFileReference; lastKnownFileType = file.storyboard; name = Base; path = Base.lproj/Main.storyboard; sourceTree = "<group>"; };
		47D3EDC127EAD8C300211F61 /* Assets.xcassets */ = {isa = PBXFileReference; lastKnownFileType = folder.assetcatalog; path = Assets.xcassets; sourceTree = "<group>"; };
		47D3EDC427EAD8C300211F61 /* Base */ = {isa = PBXFileReference; lastKnownFileType = file.storyboard; name = Base; path = Base.lproj/LaunchScreen.storyboard; sourceTree = "<group>"; };
		47D3EDC627EAD8C300211F61 /* Info.plist */ = {isa = PBXFileReference; lastKnownFileType = text.plist.xml; path = Info.plist; sourceTree = "<group>"; };
		47D3EDCF27EADBBB00211F61 /* MemberListManager.swift */ = {isa = PBXFileReference; lastKnownFileType = sourcecode.swift; path = MemberListManager.swift; sourceTree = "<group>"; };
		47D3EDD127EADC4600211F61 /* Member.swift */ = {isa = PBXFileReference; lastKnownFileType = sourcecode.swift; path = Member.swift; sourceTree = "<group>"; };
		47D3EDD327EAF01800211F61 /* MyTableViewCell.swift */ = {isa = PBXFileReference; lastKnownFileType = sourcecode.swift; path = MyTableViewCell.swift; sourceTree = "<group>"; };
		47D3EDD527EAF75700211F61 /* DetailViewController.swift */ = {isa = PBXFileReference; lastKnownFileType = sourcecode.swift; path = DetailViewController.swift; sourceTree = "<group>"; };
		47D3EDD727EAF78E00211F61 /* DetailView.swift */ = {isa = PBXFileReference; lastKnownFileType = sourcecode.swift; path = DetailView.swift; sourceTree = "<group>"; };
/* End PBXFileReference section */

/* Begin PBXFrameworksBuildPhase section */
		47D3EDB227EAD8C200211F61 /* Frameworks */ = {
			isa = PBXFrameworksBuildPhase;
			buildActionMask = 2147483647;
			files = (
			);
			runOnlyForDeploymentPostprocessing = 0;
		};
/* End PBXFrameworksBuildPhase section */

/* Begin PBXGroup section */
		47D3EDAC27EAD8C100211F61 = {
			isa = PBXGroup;
			children = (
				47D3EDB727EAD8C200211F61 /* MemberList */,
				47D3EDB627EAD8C200211F61 /* Products */,
			);
			sourceTree = "<group>";
		};
		47D3EDB627EAD8C200211F61 /* Products */ = {
			isa = PBXGroup;
			children = (
				47D3EDB527EAD8C200211F61 /* MemberList.app */,
			);
			name = Products;
			sourceTree = "<group>";
		};
		47D3EDB727EAD8C200211F61 /* MemberList */ = {
			isa = PBXGroup;
			children = (
				47D3EDB827EAD8C200211F61 /* AppDelegate.swift */,
				47D3EDBA27EAD8C200211F61 /* SceneDelegate.swift */,
				47D3EDCE27EADB7800211F61 /* Models */,
				47D3EDCD27EADB6400211F61 /* Views */,
				47D3EDCC27EADB5800211F61 /* Controllers */,
				47D3EDBE27EAD8C200211F61 /* Main.storyboard */,
				47D3EDC127EAD8C300211F61 /* Assets.xcassets */,
				47D3EDC327EAD8C300211F61 /* LaunchScreen.storyboard */,
				47D3EDC627EAD8C300211F61 /* Info.plist */,
			);
			path = MemberList;
			sourceTree = "<group>";
		};
		47D3EDCC27EADB5800211F61 /* Controllers */ = {
			isa = PBXGroup;
			children = (
				47D3EDBC27EAD8C200211F61 /* ViewController.swift */,
				47D3EDD527EAF75700211F61 /* DetailViewController.swift */,
			);
			path = Controllers;
			sourceTree = "<group>";
		};
		47D3EDCD27EADB6400211F61 /* Views */ = {
			isa = PBXGroup;
			children = (
				47D3EDD327EAF01800211F61 /* MyTableViewCell.swift */,
				47D3EDD727EAF78E00211F61 /* DetailView.swift */,
			);
			path = Views;
			sourceTree = "<group>";
		};
		47D3EDCE27EADB7800211F61 /* Models */ = {
			isa = PBXGroup;
			children = (
				47D3EDD127EADC4600211F61 /* Member.swift */,
				47D3EDCF27EADBBB00211F61 /* MemberListManager.swift */,
			);
			path = Models;
			sourceTree = "<group>";
		};
/* End PBXGroup section */

/* Begin PBXNativeTarget section */
		47D3EDB427EAD8C200211F61 /* MemberList */ = {
			isa = PBXNativeTarget;
			buildConfigurationList = 47D3EDC927EAD8C300211F61 /* Build configuration list for PBXNativeTarget "MemberList" */;
			buildPhases = (
				47D3EDB127EAD8C200211F61 /* Sources */,
				47D3EDB227EAD8C200211F61 /* Frameworks */,
				47D3EDB327EAD8C200211F61 /* Resources */,
			);
			buildRules = (
			);
			dependencies = (
			);
			name = MemberList;
			productName = MemberList;
			productReference = 47D3EDB527EAD8C200211F61 /* MemberList.app */;
			productType = "com.apple.product-type.application";
		};
/* End PBXNativeTarget section */

/* Begin PBXProject section */
		47D3EDAD27EAD8C100211F61 /* Project object */ = {
			isa = PBXProject;
			attributes = {
				BuildIndependentTargetsInParallel = 1;
				LastSwiftUpdateCheck = 1300;
				LastUpgradeCheck = 1300;
				TargetAttributes = {
					47D3EDB427EAD8C200211F61 = {
						CreatedOnToolsVersion = 13.0;
					};
				};
			};
			buildConfigurationList = 47D3EDB027EAD8C100211F61 /* Build configuration list for PBXProject "MemberList" */;
			compatibilityVersion = "Xcode 13.0";
			developmentRegion = en;
			hasScannedForEncodings = 0;
			knownRegions = (
				en,
				Base,
			);
			mainGroup = 47D3EDAC27EAD8C100211F61;
			productRefGroup = 47D3EDB627EAD8C200211F61 /* Products */;
			projectDirPath = "";
			projectRoot = "";
			targets = (
				47D3EDB427EAD8C200211F61 /* MemberList */,
			);
		};
/* End PBXProject section */

/* Begin PBXResourcesBuildPhase section */
		47D3EDB327EAD8C200211F61 /* Resources */ = {
			isa = PBXResourcesBuildPhase;
			buildActionMask = 2147483647;
			files = (
				47D3EDC527EAD8C300211F61 /* LaunchScreen.storyboard in Resources */,
				47D3EDC227EAD8C300211F61 /* Assets.xcassets in Resources */,
				47D3EDC027EAD8C200211F61 /* Main.storyboard in Resources */,
			);
			runOnlyForDeploymentPostprocessing = 0;
		};
/* End PBXResourcesBuildPhase section */

/* Begin PBXSourcesBuildPhase section */
		47D3EDB127EAD8C200211F61 /* Sources */ = {
			isa = PBXSourcesBuildPhase;
			buildActionMask = 2147483647;
			files = (
				47D3EDBD27EAD8C200211F61 /* ViewController.swift in Sources */,
				47D3EDD827EAF78E00211F61 /* DetailView.swift in Sources */,
				47D3EDD027EADBBB00211F61 /* MemberListManager.swift in Sources */,
				47D3EDB927EAD8C200211F61 /* AppDelegate.swift in Sources */,
				47D3EDBB27EAD8C200211F61 /* SceneDelegate.swift in Sources */,
				47D3EDD227EADC4600211F61 /* Member.swift in Sources */,
				47D3EDD427EAF01800211F61 /* MyTableViewCell.swift in Sources */,
				47D3EDD627EAF75700211F61 /* DetailViewController.swift in Sources */,
			);
			runOnlyForDeploymentPostprocessing = 0;
		};
/* End PBXSourcesBuildPhase section */

/* Begin PBXVariantGroup section */
		47D3EDBE27EAD8C200211F61 /* Main.storyboard */ = {
			isa = PBXVariantGroup;
			children = (
				47D3EDBF27EAD8C200211F61 /* Base */,
			);
			name = Main.storyboard;
			sourceTree = "<group>";
		};
		47D3EDC327EAD8C300211F61 /* LaunchScreen.storyboard */ = {
			isa = PBXVariantGroup;
			children = (
				47D3EDC427EAD8C300211F61 /* Base */,
			);
			name = LaunchScreen.storyboard;
			sourceTree = "<group>";
		};
/* End PBXVariantGroup section */

/* Begin XCBuildConfiguration section */
		47D3EDC727EAD8C300211F61 /* Debug */ = {
			isa = XCBuildConfiguration;
			buildSettings = {
				ALWAYS_SEARCH_USER_PATHS = NO;
				CLANG_ANALYZER_NONNULL = YES;
				CLANG_ANALYZER_NUMBER_OBJECT_CONVERSION = YES_AGGRESSIVE;
				CLANG_CXX_LANGUAGE_STANDARD = "gnu++17";
				CLANG_CXX_LIBRARY = "libc++";
				CLANG_ENABLE_MODULES = YES;
				CLANG_ENABLE_OBJC_ARC = YES;
				CLANG_ENABLE_OBJC_WEAK = YES;
				CLANG_WARN_BLOCK_CAPTURE_AUTORELEASING = YES;
				CLANG_WARN_BOOL_CONVERSION = YES;
				CLANG_WARN_COMMA = YES;
				CLANG_WARN_CONSTANT_CONVERSION = YES;
				CLANG_WARN_DEPRECATED_OBJC_IMPLEMENTATIONS = YES;
				CLANG_WARN_DIRECT_OBJC_ISA_USAGE = YES_ERROR;
				CLANG_WARN_DOCUMENTATION_COMMENTS = YES;
				CLANG_WARN_EMPTY_BODY = YES;
				CLANG_WARN_ENUM_CONVERSION = YES;
				CLANG_WARN_INFINITE_RECURSION = YES;
				CLANG_WARN_INT_CONVERSION = YES;
				CLANG_WARN_NON_LITERAL_NULL_CONVERSION = YES;
				CLANG_WARN_OBJC_IMPLICIT_RETAIN_SELF = YES;
				CLANG_WARN_OBJC_LITERAL_CONVERSION = YES;
				CLANG_WARN_OBJC_ROOT_CLASS = YES_ERROR;
				CLANG_WARN_QUOTED_INCLUDE_IN_FRAMEWORK_HEADER = YES;
				CLANG_WARN_RANGE_LOOP_ANALYSIS = YES;
				CLANG_WARN_STRICT_PROTOTYPES = YES;
				CLANG_WARN_SUSPICIOUS_MOVE = YES;
				CLANG_WARN_UNGUARDED_AVAILABILITY = YES_AGGRESSIVE;
				CLANG_WARN_UNREACHABLE_CODE = YES;
				CLANG_WARN__DUPLICATE_METHOD_MATCH = YES;
				COPY_PHASE_STRIP = NO;
				DEBUG_INFORMATION_FORMAT = dwarf;
				ENABLE_STRICT_OBJC_MSGSEND = YES;
				ENABLE_TESTABILITY = YES;
				GCC_C_LANGUAGE_STANDARD = gnu11;
				GCC_DYNAMIC_NO_PIC = NO;
				GCC_NO_COMMON_BLOCKS = YES;
				GCC_OPTIMIZATION_LEVEL = 0;
				GCC_PREPROCESSOR_DEFINITIONS = (
					"DEBUG=1",
					"$(inherited)",
				);
				GCC_WARN_64_TO_32_BIT_CONVERSION = YES;
				GCC_WARN_ABOUT_RETURN_TYPE = YES_ERROR;
				GCC_WARN_UNDECLARED_SELECTOR = YES;
				GCC_WARN_UNINITIALIZED_AUTOS = YES_AGGRESSIVE;
				GCC_WARN_UNUSED_FUNCTION = YES;
				GCC_WARN_UNUSED_VARIABLE = YES;
				IPHONEOS_DEPLOYMENT_TARGET = 15.0;
				MTL_ENABLE_DEBUG_INFO = INCLUDE_SOURCE;
				MTL_FAST_MATH = YES;
				ONLY_ACTIVE_ARCH = YES;
				SDKROOT = iphoneos;
				SWIFT_ACTIVE_COMPILATION_CONDITIONS = DEBUG;
				SWIFT_OPTIMIZATION_LEVEL = "-Onone";
			};
			name = Debug;
		};
		47D3EDC827EAD8C300211F61 /* Release */ = {
			isa = XCBuildConfiguration;
			buildSettings = {
				ALWAYS_SEARCH_USER_PATHS = NO;
				CLANG_ANALYZER_NONNULL = YES;
				CLANG_ANALYZER_NUMBER_OBJECT_CONVERSION = YES_AGGRESSIVE;
				CLANG_CXX_LANGUAGE_STANDARD = "gnu++17";
				CLANG_CXX_LIBRARY = "libc++";
				CLANG_ENABLE_MODULES = YES;
				CLANG_ENABLE_OBJC_ARC = YES;
				CLANG_ENABLE_OBJC_WEAK = YES;
				CLANG_WARN_BLOCK_CAPTURE_AUTORELEASING = YES;
				CLANG_WARN_BOOL_CONVERSION = YES;
				CLANG_WARN_COMMA = YES;
				CLANG_WARN_CONSTANT_CONVERSION = YES;
				CLANG_WARN_DEPRECATED_OBJC_IMPLEMENTATIONS = YES;
				CLANG_WARN_DIRECT_OBJC_ISA_USAGE = YES_ERROR;
				CLANG_WARN_DOCUMENTATION_COMMENTS = YES;
				CLANG_WARN_EMPTY_BODY = YES;
				CLANG_WARN_ENUM_CONVERSION = YES;
				CLANG_WARN_INFINITE_RECURSION = YES;
				CLANG_WARN_INT_CONVERSION = YES;
				CLANG_WARN_NON_LITERAL_NULL_CONVERSION = YES;
				CLANG_WARN_OBJC_IMPLICIT_RETAIN_SELF = YES;
				CLANG_WARN_OBJC_LITERAL_CONVERSION = YES;
				CLANG_WARN_OBJC_ROOT_CLASS = YES_ERROR;
				CLANG_WARN_QUOTED_INCLUDE_IN_FRAMEWORK_HEADER = YES;
				CLANG_WARN_RANGE_LOOP_ANALYSIS = YES;
				CLANG_WARN_STRICT_PROTOTYPES = YES;
				CLANG_WARN_SUSPICIOUS_MOVE = YES;
				CLANG_WARN_UNGUARDED_AVAILABILITY = YES_AGGRESSIVE;
				CLANG_WARN_UNREACHABLE_CODE = YES;
				CLANG_WARN__DUPLICATE_METHOD_MATCH = YES;
				COPY_PHASE_STRIP = NO;
				DEBUG_INFORMATION_FORMAT = "dwarf-with-dsym";
				ENABLE_NS_ASSERTIONS = NO;
				ENABLE_STRICT_OBJC_MSGSEND = YES;
				GCC_C_LANGUAGE_STANDARD = gnu11;
				GCC_NO_COMMON_BLOCKS = YES;
				GCC_WARN_64_TO_32_BIT_CONVERSION = YES;
				GCC_WARN_ABOUT_RETURN_TYPE = YES_ERROR;
				GCC_WARN_UNDECLARED_SELECTOR = YES;
				GCC_WARN_UNINITIALIZED_AUTOS = YES_AGGRESSIVE;
				GCC_WARN_UNUSED_FUNCTION = YES;
				GCC_WARN_UNUSED_VARIABLE = YES;
				IPHONEOS_DEPLOYMENT_TARGET = 15.0;
				MTL_ENABLE_DEBUG_INFO = NO;
				MTL_FAST_MATH = YES;
				SDKROOT = iphoneos;
				SWIFT_COMPILATION_MODE = wholemodule;
				SWIFT_OPTIMIZATION_LEVEL = "-O";
				VALIDATE_PRODUCT = YES;
			};
			name = Release;
		};
		47D3EDCA27EAD8C300211F61 /* Debug */ = {
			isa = XCBuildConfiguration;
			buildSettings = {
				ASSETCATALOG_COMPILER_APPICON_NAME = AppIcon;
				ASSETCATALOG_COMPILER_GLOBAL_ACCENT_COLOR_NAME = AccentColor;
				CODE_SIGN_STYLE = Automatic;
				CURRENT_PROJECT_VERSION = 1;
				GENERATE_INFOPLIST_FILE = YES;
				INFOPLIST_FILE = MemberList/Info.plist;
				INFOPLIST_KEY_UIApplicationSupportsIndirectInputEvents = YES;
				INFOPLIST_KEY_UILaunchStoryboardName = LaunchScreen;
				INFOPLIST_KEY_UIMainStoryboardFile = Main;
				INFOPLIST_KEY_UISupportedInterfaceOrientations_iPad = "UIInterfaceOrientationPortrait UIInterfaceOrientationPortraitUpsideDown UIInterfaceOrientationLandscapeLeft UIInterfaceOrientationLandscapeRight";
				INFOPLIST_KEY_UISupportedInterfaceOrientations_iPhone = "UIInterfaceOrientationPortrait UIInterfaceOrientationLandscapeLeft UIInterfaceOrientationLandscapeRight";
				IPHONEOS_DEPLOYMENT_TARGET = 14.0;
				LD_RUNPATH_SEARCH_PATHS = (
					"$(inherited)",
					"@executable_path/Frameworks",
				);
				MARKETING_VERSION = 1.0;
				PRODUCT_BUNDLE_IDENTIFIER = com.allenschool.MemberList;
				PRODUCT_NAME = "$(TARGET_NAME)";
				SWIFT_EMIT_LOC_STRINGS = YES;
				SWIFT_VERSION = 5.0;
				TARGETED_DEVICE_FAMILY = 1;
			};
			name = Debug;
		};
		47D3EDCB27EAD8C300211F61 /* Release */ = {
			isa = XCBuildConfiguration;
			buildSettings = {
				ASSETCATALOG_COMPILER_APPICON_NAME = AppIcon;
				ASSETCATALOG_COMPILER_GLOBAL_ACCENT_COLOR_NAME = AccentColor;
				CODE_SIGN_STYLE = Automatic;
				CURRENT_PROJECT_VERSION = 1;
				GENERATE_INFOPLIST_FILE = YES;
				INFOPLIST_FILE = MemberList/Info.plist;
				INFOPLIST_KEY_UIApplicationSupportsIndirectInputEvents = YES;
				INFOPLIST_KEY_UILaunchStoryboardName = LaunchScreen;
				INFOPLIST_KEY_UIMainStoryboardFile = Main;
				INFOPLIST_KEY_UISupportedInterfaceOrientations_iPad = "UIInterfaceOrientationPortrait UIInterfaceOrientationPortraitUpsideDown UIInterfaceOrientationLandscapeLeft UIInterfaceOrientationLandscapeRight";
				INFOPLIST_KEY_UISupportedInterfaceOrientations_iPhone = "UIInterfaceOrientationPortrait UIInterfaceOrientationLandscapeLeft UIInterfaceOrientationLandscapeRight";
				IPHONEOS_DEPLOYMENT_TARGET = 14.0;
				LD_RUNPATH_SEARCH_PATHS = (
					"$(inherited)",
					"@executable_path/Frameworks",
				);
				MARKETING_VERSION = 1.0;
				PRODUCT_BUNDLE_IDENTIFIER = com.allenschool.MemberList;
				PRODUCT_NAME = "$(TARGET_NAME)";
				SWIFT_EMIT_LOC_STRINGS = YES;
				SWIFT_VERSION = 5.0;
				TARGETED_DEVICE_FAMILY = 1;
			};
			name = Release;
		};
/* End XCBuildConfiguration section */

/* Begin XCConfigurationList section */
		47D3EDB027EAD8C100211F61 /* Build configuration list for PBXProject "MemberList" */ = {
			isa = XCConfigurationList;
			buildConfigurations = (
				47D3EDC727EAD8C300211F61 /* Debug */,
				47D3EDC827EAD8C300211F61 /* Release */,
			);
			defaultConfigurationIsVisible = 0;
			defaultConfigurationName = Release;
		};
		47D3EDC927EAD8C300211F61 /* Build configuration list for PBXNativeTarget "MemberList" */ = {
			isa = XCConfigurationList;
			buildConfigurations = (
				47D3EDCA27EAD8C300211F61 /* Debug */,
				47D3EDCB27EAD8C300211F61 /* Release */,
			);
			defaultConfigurationIsVisible = 0;
			defaultConfigurationName = Release;
		};
/* End XCConfigurationList section */
	};
	rootObject = 47D3EDAD27EAD8C100211F61 /* Project object */;
}
