// !$*UTF8*$!
{
	archiveVersion = 1;
	classes = {
	};
	objectVersion = 50;
	objects = {

/* Begin PBXBuildFile section */
		472B5D1127789DE600309A70 /* RPSManager.swift in Sources */ = {isa = PBXBuildFile; fileRef = 472B5D1027789DE600309A70 /* RPSManager.swift */; };
		9128A9A0265CF90C00E7D5C7 /* AppDelegate.swift in Sources */ = {isa = PBXBuildFile; fileRef = 9128A99F265CF90C00E7D5C7 /* AppDelegate.swift */; };
		9128A9A2265CF90C00E7D5C7 /* SceneDelegate.swift in Sources */ = {isa = PBXBuildFile; fileRef = 9128A9A1265CF90C00E7D5C7 /* SceneDelegate.swift */; };
		9128A9A4265CF90C00E7D5C7 /* ViewController.swift in Sources */ = {isa = PBXBuildFile; fileRef = 9128A9A3265CF90C00E7D5C7 /* ViewController.swift */; };
		9128A9A7265CF90C00E7D5C7 /* Main.storyboard in Resources */ = {isa = PBXBuildFile; fileRef = 9128A9A5265CF90C00E7D5C7 /* Main.storyboard */; };
		9128A9A9265CF90D00E7D5C7 /* Assets.xcassets in Resources */ = {isa = PBXBuildFile; fileRef = 9128A9A8265CF90D00E7D5C7 /* Assets.xcassets */; };
		9128A9AC265CF90D00E7D5C7 /* LaunchScreen.storyboard in Resources */ = {isa = PBXBuildFile; fileRef = 9128A9AA265CF90D00E7D5C7 /* LaunchScreen.storyboard */; };
		9128A9B4265D1EFE00E7D5C7 /* Rps.swift in Sources */ = {isa = PBXBuildFile; fileRef = 9128A9B3265D1EFE00E7D5C7 /* Rps.swift */; };
/* End PBXBuildFile section */

/* Begin PBXFileReference section */
		472B5D1027789DE600309A70 /* RPSManager.swift */ = {isa = PBXFileReference; lastKnownFileType = sourcecode.swift; path = RPSManager.swift; sourceTree = "<group>"; };
		9128A99C265CF90C00E7D5C7 /* RPSGame.app */ = {isa = PBXFileReference; explicitFileType = wrapper.application; includeInIndex = 0; path = RPSGame.app; sourceTree = BUILT_PRODUCTS_DIR; };
		9128A99F265CF90C00E7D5C7 /* AppDelegate.swift */ = {isa = PBXFileReference; lastKnownFileType = sourcecode.swift; path = AppDelegate.swift; sourceTree = "<group>"; };
		9128A9A1265CF90C00E7D5C7 /* SceneDelegate.swift */ = {isa = PBXFileReference; lastKnownFileType = sourcecode.swift; path = SceneDelegate.swift; sourceTree = "<group>"; };
		9128A9A3265CF90C00E7D5C7 /* ViewController.swift */ = {isa = PBXFileReference; lastKnownFileType = sourcecode.swift; path = ViewController.swift; sourceTree = "<group>"; };
		9128A9A6265CF90C00E7D5C7 /* Base */ = {isa = PBXFileReference; lastKnownFileType = file.storyboard; name = Base; path = Base.lproj/Main.storyboard; sourceTree = "<group>"; };
		9128A9A8265CF90D00E7D5C7 /* Assets.xcassets */ = {isa = PBXFileReference; lastKnownFileType = folder.assetcatalog; path = Assets.xcassets; sourceTree = "<group>"; };
		9128A9AB265CF90D00E7D5C7 /* Base */ = {isa = PBXFileReference; lastKnownFileType = file.storyboard; name = Base; path = Base.lproj/LaunchScreen.storyboard; sourceTree = "<group>"; };
		9128A9AD265CF90D00E7D5C7 /* Info.plist */ = {isa = PBXFileReference; lastKnownFileType = text.plist.xml; path = Info.plist; sourceTree = "<group>"; };
		9128A9B3265D1EFE00E7D5C7 /* Rps.swift */ = {isa = PBXFileReference; lastKnownFileType = sourcecode.swift; path = Rps.swift; sourceTree = "<group>"; };
/* End PBXFileReference section */

/* Begin PBXFrameworksBuildPhase section */
		9128A999265CF90C00E7D5C7 /* Frameworks */ = {
			isa = PBXFrameworksBuildPhase;
			buildActionMask = 2147483647;
			files = (
			);
			runOnlyForDeploymentPostprocessing = 0;
		};
/* End PBXFrameworksBuildPhase section */

/* Begin PBXGroup section */
		472B5D0D27789D8600309A70 /* Controllers */ = {
			isa = PBXGroup;
			children = (
				9128A9A3265CF90C00E7D5C7 /* ViewController.swift */,
			);
			path = Controllers;
			sourceTree = "<group>";
		};
		472B5D0E27789D9600309A70 /* Views */ = {
			isa = PBXGroup;
			children = (
				9128A9A5265CF90C00E7D5C7 /* Main.storyboard */,
			);
			path = Views;
			sourceTree = "<group>";
		};
		472B5D0F27789DA100309A70 /* Models */ = {
			isa = PBXGroup;
			children = (
				9128A9B3265D1EFE00E7D5C7 /* Rps.swift */,
				472B5D1027789DE600309A70 /* RPSManager.swift */,
			);
			path = Models;
			sourceTree = "<group>";
		};
		9128A993265CF90C00E7D5C7 = {
			isa = PBXGroup;
			children = (
				9128A99E265CF90C00E7D5C7 /* RPSGame */,
				9128A99D265CF90C00E7D5C7 /* Products */,
			);
			sourceTree = "<group>";
		};
		9128A99D265CF90C00E7D5C7 /* Products */ = {
			isa = PBXGroup;
			children = (
				9128A99C265CF90C00E7D5C7 /* RPSGame.app */,
			);
			name = Products;
			sourceTree = "<group>";
		};
		9128A99E265CF90C00E7D5C7 /* RPSGame */ = {
			isa = PBXGroup;
			children = (
				9128A99F265CF90C00E7D5C7 /* AppDelegate.swift */,
				9128A9A1265CF90C00E7D5C7 /* SceneDelegate.swift */,
				472B5D0F27789DA100309A70 /* Models */,
				472B5D0E27789D9600309A70 /* Views */,
				472B5D0D27789D8600309A70 /* Controllers */,
				9128A9A8265CF90D00E7D5C7 /* Assets.xcassets */,
				9128A9AA265CF90D00E7D5C7 /* LaunchScreen.storyboard */,
				9128A9AD265CF90D00E7D5C7 /* Info.plist */,
			);
			path = RPSGame;
			sourceTree = "<group>";
		};
/* End PBXGroup section */

/* Begin PBXNativeTarget section */
		9128A99B265CF90C00E7D5C7 /* RPSGame */ = {
			isa = PBXNativeTarget;
			buildConfigurationList = 9128A9B0265CF90D00E7D5C7 /* Build configuration list for PBXNativeTarget "RPSGame" */;
			buildPhases = (
				9128A998265CF90C00E7D5C7 /* Sources */,
				9128A999265CF90C00E7D5C7 /* Frameworks */,
				9128A99A265CF90C00E7D5C7 /* Resources */,
			);
			buildRules = (
			);
			dependencies = (
			);
			name = RPSGame;
			productName = RPSGame;
			productReference = 9128A99C265CF90C00E7D5C7 /* RPSGame.app */;
			productType = "com.apple.product-type.application";
		};
/* End PBXNativeTarget section */

/* Begin PBXProject section */
		9128A994265CF90C00E7D5C7 /* Project object */ = {
			isa = PBXProject;
			attributes = {
				LastSwiftUpdateCheck = 1250;
				LastUpgradeCheck = 1250;
				TargetAttributes = {
					9128A99B265CF90C00E7D5C7 = {
						CreatedOnToolsVersion = 12.5;
					};
				};
			};
			buildConfigurationList = 9128A997265CF90C00E7D5C7 /* Build configuration list for PBXProject "RPSGame" */;
			compatibilityVersion = "Xcode 9.3";
			developmentRegion = en;
			hasScannedForEncodings = 0;
			knownRegions = (
				en,
				Base,
			);
			mainGroup = 9128A993265CF90C00E7D5C7;
			productRefGroup = 9128A99D265CF90C00E7D5C7 /* Products */;
			projectDirPath = "";
			projectRoot = "";
			targets = (
				9128A99B265CF90C00E7D5C7 /* RPSGame */,
			);
		};
/* End PBXProject section */

/* Begin PBXResourcesBuildPhase section */
		9128A99A265CF90C00E7D5C7 /* Resources */ = {
			isa = PBXResourcesBuildPhase;
			buildActionMask = 2147483647;
			files = (
				9128A9AC265CF90D00E7D5C7 /* LaunchScreen.storyboard in Resources */,
				9128A9A9265CF90D00E7D5C7 /* Assets.xcassets in Resources */,
				9128A9A7265CF90C00E7D5C7 /* Main.storyboard in Resources */,
			);
			runOnlyForDeploymentPostprocessing = 0;
		};
/* End PBXResourcesBuildPhase section */

/* Begin PBXSourcesBuildPhase section */
		9128A998265CF90C00E7D5C7 /* Sources */ = {
			isa = PBXSourcesBuildPhase;
			buildActionMask = 2147483647;
			files = (
				9128A9A4265CF90C00E7D5C7 /* ViewController.swift in Sources */,
				9128A9B4265D1EFE00E7D5C7 /* Rps.swift in Sources */,
				9128A9A0265CF90C00E7D5C7 /* AppDelegate.swift in Sources */,
				9128A9A2265CF90C00E7D5C7 /* SceneDelegate.swift in Sources */,
				472B5D1127789DE600309A70 /* RPSManager.swift in Sources */,
			);
			runOnlyForDeploymentPostprocessing = 0;
		};
/* End PBXSourcesBuildPhase section */

/* Begin PBXVariantGroup section */
		9128A9A5265CF90C00E7D5C7 /* Main.storyboard */ = {
			isa = PBXVariantGroup;
			children = (
				9128A9A6265CF90C00E7D5C7 /* Base */,
			);
			name = Main.storyboard;
			sourceTree = "<group>";
		};
		9128A9AA265CF90D00E7D5C7 /* LaunchScreen.storyboard */ = {
			isa = PBXVariantGroup;
			children = (
				9128A9AB265CF90D00E7D5C7 /* Base */,
			);
			name = LaunchScreen.storyboard;
			sourceTree = "<group>";
		};
/* End PBXVariantGroup section */

/* Begin XCBuildConfiguration section */
		9128A9AE265CF90D00E7D5C7 /* Debug */ = {
			isa = XCBuildConfiguration;
			buildSettings = {
				ALWAYS_SEARCH_USER_PATHS = NO;
				CLANG_ANALYZER_NONNULL = YES;
				CLANG_ANALYZER_NUMBER_OBJECT_CONVERSION = YES_AGGRESSIVE;
				CLANG_CXX_LANGUAGE_STANDARD = "gnu++14";
				CLANG_CXX_LIBRARY = "libc++";
				CLANG_ENABLE_MODULES = YES;
				CLANG_ENABLE_OBJC_ARC = YES;
				CLANG_ENABLE_OBJC_WEAK = YES;
				CLANG_WARN_BLOCK_CAPTURE_AUTORELEASING = YES;
				CLANG_WARN_BOOL_CONVERSION = YES;
				CLANG_WARN_COMMA = YES;
				CLANG_WARN_CONSTANT_CONVERSION = YES;
				CLANG_WARN_DEPRECATED_OBJC_IMPLEMENTATIONS = YES;
				CLANG_WARN_DIRECT_OBJC_ISA_USAGE = YES_ERROR;
				CLANG_WARN_DOCUMENTATION_COMMENTS = YES;
				CLANG_WARN_EMPTY_BODY = YES;
				CLANG_WARN_ENUM_CONVERSION = YES;
				CLANG_WARN_INFINITE_RECURSION = YES;
				CLANG_WARN_INT_CONVERSION = YES;
				CLANG_WARN_NON_LITERAL_NULL_CONVERSION = YES;
				CLANG_WARN_OBJC_IMPLICIT_RETAIN_SELF = YES;
				CLANG_WARN_OBJC_LITERAL_CONVERSION = YES;
				CLANG_WARN_OBJC_ROOT_CLASS = YES_ERROR;
				CLANG_WARN_QUOTED_INCLUDE_IN_FRAMEWORK_HEADER = YES;
				CLANG_WARN_RANGE_LOOP_ANALYSIS = YES;
				CLANG_WARN_STRICT_PROTOTYPES = YES;
				CLANG_WARN_SUSPICIOUS_MOVE = YES;
				CLANG_WARN_UNGUARDED_AVAILABILITY = YES_AGGRESSIVE;
				CLANG_WARN_UNREACHABLE_CODE = YES;
				CLANG_WARN__DUPLICATE_METHOD_MATCH = YES;
				COPY_PHASE_STRIP = NO;
				DEBUG_INFORMATION_FORMAT = dwarf;
				ENABLE_STRICT_OBJC_MSGSEND = YES;
				ENABLE_TESTABILITY = YES;
				GCC_C_LANGUAGE_STANDARD = gnu11;
				GCC_DYNAMIC_NO_PIC = NO;
				GCC_NO_COMMON_BLOCKS = YES;
				GCC_OPTIMIZATION_LEVEL = 0;
				GCC_PREPROCESSOR_DEFINITIONS = (
					"DEBUG=1",
					"$(inherited)",
				);
				GCC_WARN_64_TO_32_BIT_CONVERSION = YES;
				GCC_WARN_ABOUT_RETURN_TYPE = YES_ERROR;
				GCC_WARN_UNDECLARED_SELECTOR = YES;
				GCC_WARN_UNINITIALIZED_AUTOS = YES_AGGRESSIVE;
				GCC_WARN_UNUSED_FUNCTION = YES;
				GCC_WARN_UNUSED_VARIABLE = YES;
				IPHONEOS_DEPLOYMENT_TARGET = 14.5;
				MTL_ENABLE_DEBUG_INFO = INCLUDE_SOURCE;
				MTL_FAST_MATH = YES;
				ONLY_ACTIVE_ARCH = YES;
				SDKROOT = iphoneos;
				SWIFT_ACTIVE_COMPILATION_CONDITIONS = DEBUG;
				SWIFT_OPTIMIZATION_LEVEL = "-Onone";
			};
			name = Debug;
		};
		9128A9AF265CF90D00E7D5C7 /* Release */ = {
			isa = XCBuildConfiguration;
			buildSettings = {
				ALWAYS_SEARCH_USER_PATHS = NO;
				CLANG_ANALYZER_NONNULL = YES;
				CLANG_ANALYZER_NUMBER_OBJECT_CONVERSION = YES_AGGRESSIVE;
				CLANG_CXX_LANGUAGE_STANDARD = "gnu++14";
				CLANG_CXX_LIBRARY = "libc++";
				CLANG_ENABLE_MODULES = YES;
				CLANG_ENABLE_OBJC_ARC = YES;
				CLANG_ENABLE_OBJC_WEAK = YES;
				CLANG_WARN_BLOCK_CAPTURE_AUTORELEASING = YES;
				CLANG_WARN_BOOL_CONVERSION = YES;
				CLANG_WARN_COMMA = YES;
				CLANG_WARN_CONSTANT_CONVERSION = YES;
				CLANG_WARN_DEPRECATED_OBJC_IMPLEMENTATIONS = YES;
				CLANG_WARN_DIRECT_OBJC_ISA_USAGE = YES_ERROR;
				CLANG_WARN_DOCUMENTATION_COMMENTS = YES;
				CLANG_WARN_EMPTY_BODY = YES;
				CLANG_WARN_ENUM_CONVERSION = YES;
				CLANG_WARN_INFINITE_RECURSION = YES;
				CLANG_WARN_INT_CONVERSION = YES;
				CLANG_WARN_NON_LITERAL_NULL_CONVERSION = YES;
				CLANG_WARN_OBJC_IMPLICIT_RETAIN_SELF = YES;
				CLANG_WARN_OBJC_LITERAL_CONVERSION = YES;
				CLANG_WARN_OBJC_ROOT_CLASS = YES_ERROR;
				CLANG_WARN_QUOTED_INCLUDE_IN_FRAMEWORK_HEADER = YES;
				CLANG_WARN_RANGE_LOOP_ANALYSIS = YES;
				CLANG_WARN_STRICT_PROTOTYPES = YES;
				CLANG_WARN_SUSPICIOUS_MOVE = YES;
				CLANG_WARN_UNGUARDED_AVAILABILITY = YES_AGGRESSIVE;
				CLANG_WARN_UNREACHABLE_CODE = YES;
				CLANG_WARN__DUPLICATE_METHOD_MATCH = YES;
				COPY_PHASE_STRIP = NO;
				DEBUG_INFORMATION_FORMAT = "dwarf-with-dsym";
				ENABLE_NS_ASSERTIONS = NO;
				ENABLE_STRICT_OBJC_MSGSEND = YES;
				GCC_C_LANGUAGE_STANDARD = gnu11;
				GCC_NO_COMMON_BLOCKS = YES;
				GCC_WARN_64_TO_32_BIT_CONVERSION = YES;
				GCC_WARN_ABOUT_RETURN_TYPE = YES_ERROR;
				GCC_WARN_UNDECLARED_SELECTOR = YES;
				GCC_WARN_UNINITIALIZED_AUTOS = YES_AGGRESSIVE;
				GCC_WARN_UNUSED_FUNCTION = YES;
				GCC_WARN_UNUSED_VARIABLE = YES;
				IPHONEOS_DEPLOYMENT_TARGET = 14.5;
				MTL_ENABLE_DEBUG_INFO = NO;
				MTL_FAST_MATH = YES;
				SDKROOT = iphoneos;
				SWIFT_COMPILATION_MODE = wholemodule;
				SWIFT_OPTIMIZATION_LEVEL = "-O";
				VALIDATE_PRODUCT = YES;
			};
			name = Release;
		};
		9128A9B1265CF90D00E7D5C7 /* Debug */ = {
			isa = XCBuildConfiguration;
			buildSettings = {
				ASSETCATALOG_COMPILER_APPICON_NAME = AppIcon;
				ASSETCATALOG_COMPILER_GLOBAL_ACCENT_COLOR_NAME = AccentColor;
				CODE_SIGN_STYLE = Automatic;
				INFOPLIST_FILE = RPSGame/Info.plist;
				IPHONEOS_DEPLOYMENT_TARGET = 13.0;
				LD_RUNPATH_SEARCH_PATHS = (
					"$(inherited)",
					"@executable_path/Frameworks",
				);
				PRODUCT_BUNDLE_IDENTIFIER = com.welovecode.RPSGame;
				PRODUCT_NAME = "$(TARGET_NAME)";
				SWIFT_VERSION = 5.0;
				TARGETED_DEVICE_FAMILY = 1;
			};
			name = Debug;
		};
		9128A9B2265CF90D00E7D5C7 /* Release */ = {
			isa = XCBuildConfiguration;
			buildSettings = {
				ASSETCATALOG_COMPILER_APPICON_NAME = AppIcon;
				ASSETCATALOG_COMPILER_GLOBAL_ACCENT_COLOR_NAME = AccentColor;
				CODE_SIGN_STYLE = Automatic;
				INFOPLIST_FILE = RPSGame/Info.plist;
				IPHONEOS_DEPLOYMENT_TARGET = 13.0;
				LD_RUNPATH_SEARCH_PATHS = (
					"$(inherited)",
					"@executable_path/Frameworks",
				);
				PRODUCT_BUNDLE_IDENTIFIER = com.welovecode.RPSGame;
				PRODUCT_NAME = "$(TARGET_NAME)";
				SWIFT_ACTIVE_COMPILATION_CONDITIONS = "";
				SWIFT_OPTIMIZATION_LEVEL = "-O";
				SWIFT_VERSION = 5.0;
				TARGETED_DEVICE_FAMILY = 1;
			};
			name = Release;
		};
/* End XCBuildConfiguration section */

/* Begin XCConfigurationList section */
		9128A997265CF90C00E7D5C7 /* Build configuration list for PBXProject "RPSGame" */ = {
			isa = XCConfigurationList;
			buildConfigurations = (
				9128A9AE265CF90D00E7D5C7 /* Debug */,
				9128A9AF265CF90D00E7D5C7 /* Release */,
			);
			defaultConfigurationIsVisible = 0;
			defaultConfigurationName = Release;
		};
		9128A9B0265CF90D00E7D5C7 /* Build configuration list for PBXNativeTarget "RPSGame" */ = {
			isa = XCConfigurationList;
			buildConfigurations = (
				9128A9B1265CF90D00E7D5C7 /* Debug */,
				9128A9B2265CF90D00E7D5C7 /* Release */,
			);
			defaultConfigurationIsVisible = 0;
			defaultConfigurationName = Release;
		};
/* End XCConfigurationList section */
	};
	rootObject = 9128A994265CF90C00E7D5C7 /* Project object */;
}
