// !$*UTF8*$!
{
	archiveVersion = 1;
	classes = {
	};
	objectVersion = 56;
	objects = {

/* Begin PBXBuildFile section */
		070EC2C5298898E70094E3F4 /* AppDelegate.swift in Sources */ = {isa = PBXBuildFile; fileRef = 070EC2C4298898E70094E3F4 /* AppDelegate.swift */; };
		070EC2C7298898E70094E3F4 /* SceneDelegate.swift in Sources */ = {isa = PBXBuildFile; fileRef = 070EC2C6298898E70094E3F4 /* SceneDelegate.swift */; };
		070EC2C9298898E70094E3F4 /* ViewController.swift in Sources */ = {isa = PBXBuildFile; fileRef = 070EC2C8298898E70094E3F4 /* ViewController.swift */; };
		070EC2CC298898E70094E3F4 /* Main.storyboard in Resources */ = {isa = PBXBuildFile; fileRef = 070EC2CA298898E70094E3F4 /* Main.storyboard */; };
		070EC2CE298898E80094E3F4 /* Assets.xcassets in Resources */ = {isa = PBXBuildFile; fileRef = 070EC2CD298898E80094E3F4 /* Assets.xcassets */; };
		070EC2D1298898E80094E3F4 /* LaunchScreen.storyboard in Resources */ = {isa = PBXBuildFile; fileRef = 070EC2CF298898E80094E3F4 /* LaunchScreen.storyboard */; };
		F57847725415E29CCBEF4DF2 /* Pods_FlatmapLatestTest.framework in Frameworks */ = {isa = PBXBuildFile; fileRef = E1F4A58EF978C9BDB25A2D2B /* Pods_FlatmapLatestTest.framework */; };
/* End PBXBuildFile section */

/* Begin PBXFileReference section */
		070EC2C1298898E70094E3F4 /* FlatmapLatestTest.app */ = {isa = PBXFileReference; explicitFileType = wrapper.application; includeInIndex = 0; path = FlatmapLatestTest.app; sourceTree = BUILT_PRODUCTS_DIR; };
		070EC2C4298898E70094E3F4 /* AppDelegate.swift */ = {isa = PBXFileReference; lastKnownFileType = sourcecode.swift; path = AppDelegate.swift; sourceTree = "<group>"; };
		070EC2C6298898E70094E3F4 /* SceneDelegate.swift */ = {isa = PBXFileReference; lastKnownFileType = sourcecode.swift; path = SceneDelegate.swift; sourceTree = "<group>"; };
		070EC2C8298898E70094E3F4 /* ViewController.swift */ = {isa = PBXFileReference; lastKnownFileType = sourcecode.swift; path = ViewController.swift; sourceTree = "<group>"; };
		070EC2CB298898E70094E3F4 /* Base */ = {isa = PBXFileReference; lastKnownFileType = file.storyboard; name = Base; path = Base.lproj/Main.storyboard; sourceTree = "<group>"; };
		070EC2CD298898E80094E3F4 /* Assets.xcassets */ = {isa = PBXFileReference; lastKnownFileType = folder.assetcatalog; path = Assets.xcassets; sourceTree = "<group>"; };
		070EC2D0298898E80094E3F4 /* Base */ = {isa = PBXFileReference; lastKnownFileType = file.storyboard; name = Base; path = Base.lproj/LaunchScreen.storyboard; sourceTree = "<group>"; };
		070EC2D2298898E80094E3F4 /* Info.plist */ = {isa = PBXFileReference; lastKnownFileType = text.plist.xml; path = Info.plist; sourceTree = "<group>"; };
		8EC79AB8C4FB093CB60BBCB9 /* Pods-FlatmapLatestTest.debug.xcconfig */ = {isa = PBXFileReference; includeInIndex = 1; lastKnownFileType = text.xcconfig; name = "Pods-FlatmapLatestTest.debug.xcconfig"; path = "Target Support Files/Pods-FlatmapLatestTest/Pods-FlatmapLatestTest.debug.xcconfig"; sourceTree = "<group>"; };
		A252368721CCE4E603CD6FB9 /* Pods-FlatmapLatestTest.release.xcconfig */ = {isa = PBXFileReference; includeInIndex = 1; lastKnownFileType = text.xcconfig; name = "Pods-FlatmapLatestTest.release.xcconfig"; path = "Target Support Files/Pods-FlatmapLatestTest/Pods-FlatmapLatestTest.release.xcconfig"; sourceTree = "<group>"; };
		E1F4A58EF978C9BDB25A2D2B /* Pods_FlatmapLatestTest.framework */ = {isa = PBXFileReference; explicitFileType = wrapper.framework; includeInIndex = 0; path = Pods_FlatmapLatestTest.framework; sourceTree = BUILT_PRODUCTS_DIR; };
/* End PBXFileReference section */

/* Begin PBXFrameworksBuildPhase section */
		070EC2BE298898E70094E3F4 /* Frameworks */ = {
			isa = PBXFrameworksBuildPhase;
			buildActionMask = 2147483647;
			files = (
				F57847725415E29CCBEF4DF2 /* Pods_FlatmapLatestTest.framework in Frameworks */,
			);
			runOnlyForDeploymentPostprocessing = 0;
		};
/* End PBXFrameworksBuildPhase section */

/* Begin PBXGroup section */
		070EC2B8298898E70094E3F4 = {
			isa = PBXGroup;
			children = (
				070EC2C3298898E70094E3F4 /* FlatmapLatestTest */,
				070EC2C2298898E70094E3F4 /* Products */,
				39D785780898D54646F23589 /* Pods */,
				11236C960976BED734927A0C /* Frameworks */,
			);
			sourceTree = "<group>";
		};
		070EC2C2298898E70094E3F4 /* Products */ = {
			isa = PBXGroup;
			children = (
				070EC2C1298898E70094E3F4 /* FlatmapLatestTest.app */,
			);
			name = Products;
			sourceTree = "<group>";
		};
		070EC2C3298898E70094E3F4 /* FlatmapLatestTest */ = {
			isa = PBXGroup;
			children = (
				070EC2C4298898E70094E3F4 /* AppDelegate.swift */,
				070EC2C6298898E70094E3F4 /* SceneDelegate.swift */,
				070EC2C8298898E70094E3F4 /* ViewController.swift */,
				070EC2CA298898E70094E3F4 /* Main.storyboard */,
				070EC2CD298898E80094E3F4 /* Assets.xcassets */,
				070EC2CF298898E80094E3F4 /* LaunchScreen.storyboard */,
				070EC2D2298898E80094E3F4 /* Info.plist */,
			);
			path = FlatmapLatestTest;
			sourceTree = "<group>";
		};
		11236C960976BED734927A0C /* Frameworks */ = {
			isa = PBXGroup;
			children = (
				E1F4A58EF978C9BDB25A2D2B /* Pods_FlatmapLatestTest.framework */,
			);
			name = Frameworks;
			sourceTree = "<group>";
		};
		39D785780898D54646F23589 /* Pods */ = {
			isa = PBXGroup;
			children = (
				8EC79AB8C4FB093CB60BBCB9 /* Pods-FlatmapLatestTest.debug.xcconfig */,
				A252368721CCE4E603CD6FB9 /* Pods-FlatmapLatestTest.release.xcconfig */,
			);
			path = Pods;
			sourceTree = "<group>";
		};
/* End PBXGroup section */

/* Begin PBXNativeTarget section */
		070EC2C0298898E70094E3F4 /* FlatmapLatestTest */ = {
			isa = PBXNativeTarget;
			buildConfigurationList = 070EC2D5298898E80094E3F4 /* Build configuration list for PBXNativeTarget "FlatmapLatestTest" */;
			buildPhases = (
				D3B3454FBD806B3BCE82E3D5 /* [CP] Check Pods Manifest.lock */,
				070EC2BD298898E70094E3F4 /* Sources */,
				070EC2BE298898E70094E3F4 /* Frameworks */,
				070EC2BF298898E70094E3F4 /* Resources */,
				C19AAEC6E4F1EDF1AD596CCF /* [CP] Embed Pods Frameworks */,
			);
			buildRules = (
			);
			dependencies = (
			);
			name = FlatmapLatestTest;
			productName = FlatmapLatestTest;
			productReference = 070EC2C1298898E70094E3F4 /* FlatmapLatestTest.app */;
			productType = "com.apple.product-type.application";
		};
/* End PBXNativeTarget section */

/* Begin PBXProject section */
		070EC2B9298898E70094E3F4 /* Project object */ = {
			isa = PBXProject;
			attributes = {
				BuildIndependentTargetsInParallel = 1;
				LastSwiftUpdateCheck = 1420;
				LastUpgradeCheck = 1420;
				TargetAttributes = {
					070EC2C0298898E70094E3F4 = {
						CreatedOnToolsVersion = 14.2;
					};
				};
			};
			buildConfigurationList = 070EC2BC298898E70094E3F4 /* Build configuration list for PBXProject "FlatmapLatestTest" */;
			compatibilityVersion = "Xcode 14.0";
			developmentRegion = en;
			hasScannedForEncodings = 0;
			knownRegions = (
				en,
				Base,
			);
			mainGroup = 070EC2B8298898E70094E3F4;
			packageReferences = (
			);
			productRefGroup = 070EC2C2298898E70094E3F4 /* Products */;
			projectDirPath = "";
			projectRoot = "";
			targets = (
				070EC2C0298898E70094E3F4 /* FlatmapLatestTest */,
			);
		};
/* End PBXProject section */

/* Begin PBXResourcesBuildPhase section */
		070EC2BF298898E70094E3F4 /* Resources */ = {
			isa = PBXResourcesBuildPhase;
			buildActionMask = 2147483647;
			files = (
				070EC2D1298898E80094E3F4 /* LaunchScreen.storyboard in Resources */,
				070EC2CE298898E80094E3F4 /* Assets.xcassets in Resources */,
				070EC2CC298898E70094E3F4 /* Main.storyboard in Resources */,
			);
			runOnlyForDeploymentPostprocessing = 0;
		};
/* End PBXResourcesBuildPhase section */

/* Begin PBXShellScriptBuildPhase section */
		C19AAEC6E4F1EDF1AD596CCF /* [CP] Embed Pods Frameworks */ = {
			isa = PBXShellScriptBuildPhase;
			buildActionMask = 2147483647;
			files = (
			);
			inputFileListPaths = (
				"${PODS_ROOT}/Target Support Files/Pods-FlatmapLatestTest/Pods-FlatmapLatestTest-frameworks-${CONFIGURATION}-input-files.xcfilelist",
			);
			name = "[CP] Embed Pods Frameworks";
			outputFileListPaths = (
				"${PODS_ROOT}/Target Support Files/Pods-FlatmapLatestTest/Pods-FlatmapLatestTest-frameworks-${CONFIGURATION}-output-files.xcfilelist",
			);
			runOnlyForDeploymentPostprocessing = 0;
			shellPath = /bin/sh;
			shellScript = "\"${PODS_ROOT}/Target Support Files/Pods-FlatmapLatestTest/Pods-FlatmapLatestTest-frameworks.sh\"\n";
			showEnvVarsInLog = 0;
		};
		D3B3454FBD806B3BCE82E3D5 /* [CP] Check Pods Manifest.lock */ = {
			isa = PBXShellScriptBuildPhase;
			buildActionMask = 2147483647;
			files = (
			);
			inputFileListPaths = (
			);
			inputPaths = (
				"${PODS_PODFILE_DIR_PATH}/Podfile.lock",
				"${PODS_ROOT}/Manifest.lock",
			);
			name = "[CP] Check Pods Manifest.lock";
			outputFileListPaths = (
			);
			outputPaths = (
				"$(DERIVED_FILE_DIR)/Pods-FlatmapLatestTest-checkManifestLockResult.txt",
			);
			runOnlyForDeploymentPostprocessing = 0;
			shellPath = /bin/sh;
			shellScript = "diff \"${PODS_PODFILE_DIR_PATH}/Podfile.lock\" \"${PODS_ROOT}/Manifest.lock\" > /dev/null\nif [ $? != 0 ] ; then\n    # print error to STDERR\n    echo \"error: The sandbox is not in sync with the Podfile.lock. Run 'pod install' or update your CocoaPods installation.\" >&2\n    exit 1\nfi\n# This output is used by Xcode 'outputs' to avoid re-running this script phase.\necho \"SUCCESS\" > \"${SCRIPT_OUTPUT_FILE_0}\"\n";
			showEnvVarsInLog = 0;
		};
/* End PBXShellScriptBuildPhase section */

/* Begin PBXSourcesBuildPhase section */
		070EC2BD298898E70094E3F4 /* Sources */ = {
			isa = PBXSourcesBuildPhase;
			buildActionMask = 2147483647;
			files = (
				070EC2C9298898E70094E3F4 /* ViewController.swift in Sources */,
				070EC2C5298898E70094E3F4 /* AppDelegate.swift in Sources */,
				070EC2C7298898E70094E3F4 /* SceneDelegate.swift in Sources */,
			);
			runOnlyForDeploymentPostprocessing = 0;
		};
/* End PBXSourcesBuildPhase section */

/* Begin PBXVariantGroup section */
		070EC2CA298898E70094E3F4 /* Main.storyboard */ = {
			isa = PBXVariantGroup;
			children = (
				070EC2CB298898E70094E3F4 /* Base */,
			);
			name = Main.storyboard;
			sourceTree = "<group>";
		};
		070EC2CF298898E80094E3F4 /* LaunchScreen.storyboard */ = {
			isa = PBXVariantGroup;
			children = (
				070EC2D0298898E80094E3F4 /* Base */,
			);
			name = LaunchScreen.storyboard;
			sourceTree = "<group>";
		};
/* End PBXVariantGroup section */

/* Begin XCBuildConfiguration section */
		070EC2D3298898E80094E3F4 /* Debug */ = {
			isa = XCBuildConfiguration;
			buildSettings = {
				ALWAYS_SEARCH_USER_PATHS = NO;
				CLANG_ANALYZER_NONNULL = YES;
				CLANG_ANALYZER_NUMBER_OBJECT_CONVERSION = YES_AGGRESSIVE;
				CLANG_CXX_LANGUAGE_STANDARD = "gnu++20";
				CLANG_ENABLE_MODULES = YES;
				CLANG_ENABLE_OBJC_ARC = YES;
				CLANG_ENABLE_OBJC_WEAK = YES;
				CLANG_WARN_BLOCK_CAPTURE_AUTORELEASING = YES;
				CLANG_WARN_BOOL_CONVERSION = YES;
				CLANG_WARN_COMMA = YES;
				CLANG_WARN_CONSTANT_CONVERSION = YES;
				CLANG_WARN_DEPRECATED_OBJC_IMPLEMENTATIONS = YES;
				CLANG_WARN_DIRECT_OBJC_ISA_USAGE = YES_ERROR;
				CLANG_WARN_DOCUMENTATION_COMMENTS = YES;
				CLANG_WARN_EMPTY_BODY = YES;
				CLANG_WARN_ENUM_CONVERSION = YES;
				CLANG_WARN_INFINITE_RECURSION = YES;
				CLANG_WARN_INT_CONVERSION = YES;
				CLANG_WARN_NON_LITERAL_NULL_CONVERSION = YES;
				CLANG_WARN_OBJC_IMPLICIT_RETAIN_SELF = YES;
				CLANG_WARN_OBJC_LITERAL_CONVERSION = YES;
				CLANG_WARN_OBJC_ROOT_CLASS = YES_ERROR;
				CLANG_WARN_QUOTED_INCLUDE_IN_FRAMEWORK_HEADER = YES;
				CLANG_WARN_RANGE_LOOP_ANALYSIS = YES;
				CLANG_WARN_STRICT_PROTOTYPES = YES;
				CLANG_WARN_SUSPICIOUS_MOVE = YES;
				CLANG_WARN_UNGUARDED_AVAILABILITY = YES_AGGRESSIVE;
				CLANG_WARN_UNREACHABLE_CODE = YES;
				CLANG_WARN__DUPLICATE_METHOD_MATCH = YES;
				COPY_PHASE_STRIP = NO;
				DEBUG_INFORMATION_FORMAT = dwarf;
				ENABLE_STRICT_OBJC_MSGSEND = YES;
				ENABLE_TESTABILITY = YES;
				GCC_C_LANGUAGE_STANDARD = gnu11;
				GCC_DYNAMIC_NO_PIC = NO;
				GCC_NO_COMMON_BLOCKS = YES;
				GCC_OPTIMIZATION_LEVEL = 0;
				GCC_PREPROCESSOR_DEFINITIONS = (
					"DEBUG=1",
					"$(inherited)",
				);
				GCC_WARN_64_TO_32_BIT_CONVERSION = YES;
				GCC_WARN_ABOUT_RETURN_TYPE = YES_ERROR;
				GCC_WARN_UNDECLARED_SELECTOR = YES;
				GCC_WARN_UNINITIALIZED_AUTOS = YES_AGGRESSIVE;
				GCC_WARN_UNUSED_FUNCTION = YES;
				GCC_WARN_UNUSED_VARIABLE = YES;
				IPHONEOS_DEPLOYMENT_TARGET = 16.2;
				MTL_ENABLE_DEBUG_INFO = INCLUDE_SOURCE;
				MTL_FAST_MATH = YES;
				ONLY_ACTIVE_ARCH = YES;
				SDKROOT = iphoneos;
				SWIFT_ACTIVE_COMPILATION_CONDITIONS = DEBUG;
				SWIFT_OPTIMIZATION_LEVEL = "-Onone";
			};
			name = Debug;
		};
		070EC2D4298898E80094E3F4 /* Release */ = {
			isa = XCBuildConfiguration;
			buildSettings = {
				ALWAYS_SEARCH_USER_PATHS = NO;
				CLANG_ANALYZER_NONNULL = YES;
				CLANG_ANALYZER_NUMBER_OBJECT_CONVERSION = YES_AGGRESSIVE;
				CLANG_CXX_LANGUAGE_STANDARD = "gnu++20";
				CLANG_ENABLE_MODULES = YES;
				CLANG_ENABLE_OBJC_ARC = YES;
				CLANG_ENABLE_OBJC_WEAK = YES;
				CLANG_WARN_BLOCK_CAPTURE_AUTORELEASING = YES;
				CLANG_WARN_BOOL_CONVERSION = YES;
				CLANG_WARN_COMMA = YES;
				CLANG_WARN_CONSTANT_CONVERSION = YES;
				CLANG_WARN_DEPRECATED_OBJC_IMPLEMENTATIONS = YES;
				CLANG_WARN_DIRECT_OBJC_ISA_USAGE = YES_ERROR;
				CLANG_WARN_DOCUMENTATION_COMMENTS = YES;
				CLANG_WARN_EMPTY_BODY = YES;
				CLANG_WARN_ENUM_CONVERSION = YES;
				CLANG_WARN_INFINITE_RECURSION = YES;
				CLANG_WARN_INT_CONVERSION = YES;
				CLANG_WARN_NON_LITERAL_NULL_CONVERSION = YES;
				CLANG_WARN_OBJC_IMPLICIT_RETAIN_SELF = YES;
				CLANG_WARN_OBJC_LITERAL_CONVERSION = YES;
				CLANG_WARN_OBJC_ROOT_CLASS = YES_ERROR;
				CLANG_WARN_QUOTED_INCLUDE_IN_FRAMEWORK_HEADER = YES;
				CLANG_WARN_RANGE_LOOP_ANALYSIS = YES;
				CLANG_WARN_STRICT_PROTOTYPES = YES;
				CLANG_WARN_SUSPICIOUS_MOVE = YES;
				CLANG_WARN_UNGUARDED_AVAILABILITY = YES_AGGRESSIVE;
				CLANG_WARN_UNREACHABLE_CODE = YES;
				CLANG_WARN__DUPLICATE_METHOD_MATCH = YES;
				COPY_PHASE_STRIP = NO;
				DEBUG_INFORMATION_FORMAT = "dwarf-with-dsym";
				ENABLE_NS_ASSERTIONS = NO;
				ENABLE_STRICT_OBJC_MSGSEND = YES;
				GCC_C_LANGUAGE_STANDARD = gnu11;
				GCC_NO_COMMON_BLOCKS = YES;
				GCC_WARN_64_TO_32_BIT_CONVERSION = YES;
				GCC_WARN_ABOUT_RETURN_TYPE = YES_ERROR;
				GCC_WARN_UNDECLARED_SELECTOR = YES;
				GCC_WARN_UNINITIALIZED_AUTOS = YES_AGGRESSIVE;
				GCC_WARN_UNUSED_FUNCTION = YES;
				GCC_WARN_UNUSED_VARIABLE = YES;
				IPHONEOS_DEPLOYMENT_TARGET = 16.2;
				MTL_ENABLE_DEBUG_INFO = NO;
				MTL_FAST_MATH = YES;
				SDKROOT = iphoneos;
				SWIFT_COMPILATION_MODE = wholemodule;
				SWIFT_OPTIMIZATION_LEVEL = "-O";
				VALIDATE_PRODUCT = YES;
			};
			name = Release;
		};
		070EC2D6298898E80094E3F4 /* Debug */ = {
			isa = XCBuildConfiguration;
			baseConfigurationReference = 8EC79AB8C4FB093CB60BBCB9 /* Pods-FlatmapLatestTest.debug.xcconfig */;
			buildSettings = {
				ASSETCATALOG_COMPILER_APPICON_NAME = AppIcon;
				ASSETCATALOG_COMPILER_GLOBAL_ACCENT_COLOR_NAME = AccentColor;
				CODE_SIGN_STYLE = Automatic;
				CURRENT_PROJECT_VERSION = 1;
				GENERATE_INFOPLIST_FILE = YES;
				INFOPLIST_FILE = FlatmapLatestTest/Info.plist;
				INFOPLIST_KEY_UIApplicationSupportsIndirectInputEvents = YES;
				INFOPLIST_KEY_UILaunchStoryboardName = LaunchScreen;
				INFOPLIST_KEY_UIMainStoryboardFile = Main;
				INFOPLIST_KEY_UISupportedInterfaceOrientations_iPad = "UIInterfaceOrientationPortrait UIInterfaceOrientationPortraitUpsideDown UIInterfaceOrientationLandscapeLeft UIInterfaceOrientationLandscapeRight";
				INFOPLIST_KEY_UISupportedInterfaceOrientations_iPhone = "UIInterfaceOrientationPortrait UIInterfaceOrientationLandscapeLeft UIInterfaceOrientationLandscapeRight";
				LD_RUNPATH_SEARCH_PATHS = (
					"$(inherited)",
					"@executable_path/Frameworks",
				);
				MARKETING_VERSION = 1.0;
				PRODUCT_BUNDLE_IDENTIFIER = com.donggu.dynamic.FlatmapLatestTest;
				PRODUCT_NAME = "$(TARGET_NAME)";
				SWIFT_EMIT_LOC_STRINGS = YES;
				SWIFT_VERSION = 5.0;
				TARGETED_DEVICE_FAMILY = "1,2";
			};
			name = Debug;
		};
		070EC2D7298898E80094E3F4 /* Release */ = {
			isa = XCBuildConfiguration;
			baseConfigurationReference = A252368721CCE4E603CD6FB9 /* Pods-FlatmapLatestTest.release.xcconfig */;
			buildSettings = {
				ASSETCATALOG_COMPILER_APPICON_NAME = AppIcon;
				ASSETCATALOG_COMPILER_GLOBAL_ACCENT_COLOR_NAME = AccentColor;
				CODE_SIGN_STYLE = Automatic;
				CURRENT_PROJECT_VERSION = 1;
				GENERATE_INFOPLIST_FILE = YES;
				INFOPLIST_FILE = FlatmapLatestTest/Info.plist;
				INFOPLIST_KEY_UIApplicationSupportsIndirectInputEvents = YES;
				INFOPLIST_KEY_UILaunchStoryboardName = LaunchScreen;
				INFOPLIST_KEY_UIMainStoryboardFile = Main;
				INFOPLIST_KEY_UISupportedInterfaceOrientations_iPad = "UIInterfaceOrientationPortrait UIInterfaceOrientationPortraitUpsideDown UIInterfaceOrientationLandscapeLeft UIInterfaceOrientationLandscapeRight";
				INFOPLIST_KEY_UISupportedInterfaceOrientations_iPhone = "UIInterfaceOrientationPortrait UIInterfaceOrientationLandscapeLeft UIInterfaceOrientationLandscapeRight";
				LD_RUNPATH_SEARCH_PATHS = (
					"$(inherited)",
					"@executable_path/Frameworks",
				);
				MARKETING_VERSION = 1.0;
				PRODUCT_BUNDLE_IDENTIFIER = com.donggu.dynamic.FlatmapLatestTest;
				PRODUCT_NAME = "$(TARGET_NAME)";
				SWIFT_EMIT_LOC_STRINGS = YES;
				SWIFT_VERSION = 5.0;
				TARGETED_DEVICE_FAMILY = "1,2";
			};
			name = Release;
		};
/* End XCBuildConfiguration section */

/* Begin XCConfigurationList section */
		070EC2BC298898E70094E3F4 /* Build configuration list for PBXProject "FlatmapLatestTest" */ = {
			isa = XCConfigurationList;
			buildConfigurations = (
				070EC2D3298898E80094E3F4 /* Debug */,
				070EC2D4298898E80094E3F4 /* Release */,
			);
			defaultConfigurationIsVisible = 0;
			defaultConfigurationName = Release;
		};
		070EC2D5298898E80094E3F4 /* Build configuration list for PBXNativeTarget "FlatmapLatestTest" */ = {
			isa = XCConfigurationList;
			buildConfigurations = (
				070EC2D6298898E80094E3F4 /* Debug */,
				070EC2D7298898E80094E3F4 /* Release */,
			);
			defaultConfigurationIsVisible = 0;
			defaultConfigurationName = Release;
		};
/* End XCConfigurationList section */
	};
	rootObject = 070EC2B9298898E70094E3F4 /* Project object */;
}
