// !$*UTF8*$!
{
	archiveVersion = 1;
	classes = {
	};
	objectVersion = 52;
	objects = {

/* Begin PBXBuildFile section */
		7D1DD66926E8F582007558EF /* AppDelegate.swift in Sources */ = {isa = PBXBuildFile; fileRef = 7D1DD66826E8F582007558EF /* AppDelegate.swift */; };
		7D1DD66B26E8F582007558EF /* SceneDelegate.swift in Sources */ = {isa = PBXBuildFile; fileRef = 7D1DD66A26E8F582007558EF /* SceneDelegate.swift */; };
		7D1DD67226E8F582007558EF /* Assets.xcassets in Resources */ = {isa = PBXBuildFile; fileRef = 7D1DD67126E8F582007558EF /* Assets.xcassets */; };
		7D1DD67526E8F582007558EF /* LaunchScreen.storyboard in Resources */ = {isa = PBXBuildFile; fileRef = 7D1DD67326E8F582007558EF /* LaunchScreen.storyboard */; };
		7D1DD67D26E8F5C3007558EF /* BlogListView.swift in Sources */ = {isa = PBXBuildFile; fileRef = 7D1DD67C26E8F5C3007558EF /* BlogListView.swift */; };
		7D1DD67F26E8F668007558EF /* DKBlog.swift in Sources */ = {isa = PBXBuildFile; fileRef = 7D1DD67E26E8F668007558EF /* DKBlog.swift */; };
		7D1DD68126E8F6A0007558EF /* BlogListCellData.swift in Sources */ = {isa = PBXBuildFile; fileRef = 7D1DD68026E8F6A0007558EF /* BlogListCellData.swift */; };
		7D1DD68526E8F767007558EF /* SearchBlogNetwork.swift in Sources */ = {isa = PBXBuildFile; fileRef = 7D1DD68426E8F767007558EF /* SearchBlogNetwork.swift */; };
		7D1DD68726E8F7C3007558EF /* SearchNetworkError.swift in Sources */ = {isa = PBXBuildFile; fileRef = 7D1DD68626E8F7C3007558EF /* SearchNetworkError.swift */; };
		7D1DD68926E8FA3F007558EF /* BlogListCell.swift in Sources */ = {isa = PBXBuildFile; fileRef = 7D1DD68826E8FA3E007558EF /* BlogListCell.swift */; };
		7D1DD68C26E8FAC8007558EF /* Kingfisher in Frameworks */ = {isa = PBXBuildFile; productRef = 7D1DD68B26E8FAC8007558EF /* Kingfisher */; };
		7D1DD68F26E8FC3A007558EF /* SnapKit in Frameworks */ = {isa = PBXBuildFile; productRef = 7D1DD68E26E8FC3A007558EF /* SnapKit */; };
		7D1DD69126E8FD24007558EF /* MainViewController.swift in Sources */ = {isa = PBXBuildFile; fileRef = 7D1DD69026E8FD24007558EF /* MainViewController.swift */; };
		7D1DD69426E8FD9E007558EF /* SearchBar.swift in Sources */ = {isa = PBXBuildFile; fileRef = 7D1DD69326E8FD9E007558EF /* SearchBar.swift */; };
		7D1DD69626E904A4007558EF /* FilterView.swift in Sources */ = {isa = PBXBuildFile; fileRef = 7D1DD69526E904A4007558EF /* FilterView.swift */; };
		7D1DD69926E9B384007558EF /* Alert.swift in Sources */ = {isa = PBXBuildFile; fileRef = 7D1DD69826E9B384007558EF /* Alert.swift */; };
		EB20252449DC00CDC608A037 /* Pods_SearchDaumBlog.framework in Frameworks */ = {isa = PBXBuildFile; fileRef = 4356A5297DBA1F3CD0A3D6C2 /* Pods_SearchDaumBlog.framework */; };
/* End PBXBuildFile section */

/* Begin PBXFileReference section */
		4356A5297DBA1F3CD0A3D6C2 /* Pods_SearchDaumBlog.framework */ = {isa = PBXFileReference; explicitFileType = wrapper.framework; includeInIndex = 0; path = Pods_SearchDaumBlog.framework; sourceTree = BUILT_PRODUCTS_DIR; };
		7D1DD66526E8F582007558EF /* SearchDaumBlog.app */ = {isa = PBXFileReference; explicitFileType = wrapper.application; includeInIndex = 0; path = SearchDaumBlog.app; sourceTree = BUILT_PRODUCTS_DIR; };
		7D1DD66826E8F582007558EF /* AppDelegate.swift */ = {isa = PBXFileReference; lastKnownFileType = sourcecode.swift; path = AppDelegate.swift; sourceTree = "<group>"; };
		7D1DD66A26E8F582007558EF /* SceneDelegate.swift */ = {isa = PBXFileReference; lastKnownFileType = sourcecode.swift; path = SceneDelegate.swift; sourceTree = "<group>"; };
		7D1DD67126E8F582007558EF /* Assets.xcassets */ = {isa = PBXFileReference; lastKnownFileType = folder.assetcatalog; path = Assets.xcassets; sourceTree = "<group>"; };
		7D1DD67426E8F582007558EF /* Base */ = {isa = PBXFileReference; lastKnownFileType = file.storyboard; name = Base; path = Base.lproj/LaunchScreen.storyboard; sourceTree = "<group>"; };
		7D1DD67626E8F582007558EF /* Info.plist */ = {isa = PBXFileReference; lastKnownFileType = text.plist.xml; path = Info.plist; sourceTree = "<group>"; };
		7D1DD67C26E8F5C3007558EF /* BlogListView.swift */ = {isa = PBXFileReference; lastKnownFileType = sourcecode.swift; path = BlogListView.swift; sourceTree = "<group>"; };
		7D1DD67E26E8F668007558EF /* DKBlog.swift */ = {isa = PBXFileReference; lastKnownFileType = sourcecode.swift; path = DKBlog.swift; sourceTree = "<group>"; };
		7D1DD68026E8F6A0007558EF /* BlogListCellData.swift */ = {isa = PBXFileReference; lastKnownFileType = sourcecode.swift; path = BlogListCellData.swift; sourceTree = "<group>"; };
		7D1DD68426E8F767007558EF /* SearchBlogNetwork.swift */ = {isa = PBXFileReference; lastKnownFileType = sourcecode.swift; path = SearchBlogNetwork.swift; sourceTree = "<group>"; };
		7D1DD68626E8F7C3007558EF /* SearchNetworkError.swift */ = {isa = PBXFileReference; lastKnownFileType = sourcecode.swift; path = SearchNetworkError.swift; sourceTree = "<group>"; };
		7D1DD68826E8FA3E007558EF /* BlogListCell.swift */ = {isa = PBXFileReference; lastKnownFileType = sourcecode.swift; path = BlogListCell.swift; sourceTree = "<group>"; };
		7D1DD69026E8FD24007558EF /* MainViewController.swift */ = {isa = PBXFileReference; lastKnownFileType = sourcecode.swift; path = MainViewController.swift; sourceTree = "<group>"; };
		7D1DD69326E8FD9E007558EF /* SearchBar.swift */ = {isa = PBXFileReference; lastKnownFileType = sourcecode.swift; path = SearchBar.swift; sourceTree = "<group>"; };
		7D1DD69526E904A4007558EF /* FilterView.swift */ = {isa = PBXFileReference; lastKnownFileType = sourcecode.swift; path = FilterView.swift; sourceTree = "<group>"; };
		7D1DD69826E9B384007558EF /* Alert.swift */ = {isa = PBXFileReference; lastKnownFileType = sourcecode.swift; path = Alert.swift; sourceTree = "<group>"; };
		C6814979BD19185AFDCB372A /* Pods-SearchDaumBlog.debug.xcconfig */ = {isa = PBXFileReference; includeInIndex = 1; lastKnownFileType = text.xcconfig; name = "Pods-SearchDaumBlog.debug.xcconfig"; path = "Target Support Files/Pods-SearchDaumBlog/Pods-SearchDaumBlog.debug.xcconfig"; sourceTree = "<group>"; };
		E0E8D1748D22B318ABAA539B /* Pods-SearchDaumBlog.release.xcconfig */ = {isa = PBXFileReference; includeInIndex = 1; lastKnownFileType = text.xcconfig; name = "Pods-SearchDaumBlog.release.xcconfig"; path = "Target Support Files/Pods-SearchDaumBlog/Pods-SearchDaumBlog.release.xcconfig"; sourceTree = "<group>"; };
/* End PBXFileReference section */

/* Begin PBXFrameworksBuildPhase section */
		7D1DD66226E8F582007558EF /* Frameworks */ = {
			isa = PBXFrameworksBuildPhase;
			buildActionMask = 2147483647;
			files = (
				7D1DD68F26E8FC3A007558EF /* SnapKit in Frameworks */,
				7D1DD68C26E8FAC8007558EF /* Kingfisher in Frameworks */,
				EB20252449DC00CDC608A037 /* Pods_SearchDaumBlog.framework in Frameworks */,
			);
			runOnlyForDeploymentPostprocessing = 0;
		};
/* End PBXFrameworksBuildPhase section */

/* Begin PBXGroup section */
		7D1DD65C26E8F582007558EF = {
			isa = PBXGroup;
			children = (
				7D1DD66726E8F582007558EF /* SearchDaumBlog */,
				7D1DD66626E8F582007558EF /* Products */,
				F9FFE335EE0BB8F6F00D2FEC /* Pods */,
				EC9BDEFA614D9CD079781019 /* Frameworks */,
			);
			sourceTree = "<group>";
		};
		7D1DD66626E8F582007558EF /* Products */ = {
			isa = PBXGroup;
			children = (
				7D1DD66526E8F582007558EF /* SearchDaumBlog.app */,
			);
			name = Products;
			sourceTree = "<group>";
		};
		7D1DD66726E8F582007558EF /* SearchDaumBlog */ = {
			isa = PBXGroup;
			children = (
				7D1DD66826E8F582007558EF /* AppDelegate.swift */,
				7D1DD66A26E8F582007558EF /* SceneDelegate.swift */,
				7D1DD68226E8F739007558EF /* Entities */,
				7D1DD69A26E9B4E0007558EF /* Network */,
				7D1DD68326E8F742007558EF /* Presentation */,
				7D1DD67126E8F582007558EF /* Assets.xcassets */,
				7D1DD67326E8F582007558EF /* LaunchScreen.storyboard */,
				7D1DD67626E8F582007558EF /* Info.plist */,
			);
			path = SearchDaumBlog;
			sourceTree = "<group>";
		};
		7D1DD68226E8F739007558EF /* Entities */ = {
			isa = PBXGroup;
			children = (
				7D1DD67E26E8F668007558EF /* DKBlog.swift */,
				7D1DD68626E8F7C3007558EF /* SearchNetworkError.swift */,
				7D1DD68026E8F6A0007558EF /* BlogListCellData.swift */,
				7D1DD69826E9B384007558EF /* Alert.swift */,
			);
			path = Entities;
			sourceTree = "<group>";
		};
		7D1DD68326E8F742007558EF /* Presentation */ = {
			isa = PBXGroup;
			children = (
				7D1DD69026E8FD24007558EF /* MainViewController.swift */,
				7D1DD69726E9093D007558EF /* SubComponents */,
			);
			path = Presentation;
			sourceTree = "<group>";
		};
		7D1DD69226E8FD93007558EF /* ListView */ = {
			isa = PBXGroup;
			children = (
				7D1DD67C26E8F5C3007558EF /* BlogListView.swift */,
				7D1DD68826E8FA3E007558EF /* BlogListCell.swift */,
			);
			path = ListView;
			sourceTree = "<group>";
		};
		7D1DD69726E9093D007558EF /* SubComponents */ = {
			isa = PBXGroup;
			children = (
				7D1DD69326E8FD9E007558EF /* SearchBar.swift */,
				7D1DD69526E904A4007558EF /* FilterView.swift */,
				7D1DD69226E8FD93007558EF /* ListView */,
			);
			path = SubComponents;
			sourceTree = "<group>";
		};
		7D1DD69A26E9B4E0007558EF /* Network */ = {
			isa = PBXGroup;
			children = (
				7D1DD68426E8F767007558EF /* SearchBlogNetwork.swift */,
			);
			path = Network;
			sourceTree = "<group>";
		};
		EC9BDEFA614D9CD079781019 /* Frameworks */ = {
			isa = PBXGroup;
			children = (
				4356A5297DBA1F3CD0A3D6C2 /* Pods_SearchDaumBlog.framework */,
			);
			name = Frameworks;
			sourceTree = "<group>";
		};
		F9FFE335EE0BB8F6F00D2FEC /* Pods */ = {
			isa = PBXGroup;
			children = (
				C6814979BD19185AFDCB372A /* Pods-SearchDaumBlog.debug.xcconfig */,
				E0E8D1748D22B318ABAA539B /* Pods-SearchDaumBlog.release.xcconfig */,
			);
			path = Pods;
			sourceTree = "<group>";
		};
/* End PBXGroup section */

/* Begin PBXNativeTarget section */
		7D1DD66426E8F582007558EF /* SearchDaumBlog */ = {
			isa = PBXNativeTarget;
			buildConfigurationList = 7D1DD67926E8F582007558EF /* Build configuration list for PBXNativeTarget "SearchDaumBlog" */;
			buildPhases = (
				D9A521369335FC8D3B6F6CA1 /* [CP] Check Pods Manifest.lock */,
				7D1DD66126E8F582007558EF /* Sources */,
				7D1DD66226E8F582007558EF /* Frameworks */,
				7D1DD66326E8F582007558EF /* Resources */,
				D9284F04F401744C2BBDDC0E /* [CP] Embed Pods Frameworks */,
			);
			buildRules = (
			);
			dependencies = (
			);
			name = SearchDaumBlog;
			packageProductDependencies = (
				7D1DD68B26E8FAC8007558EF /* Kingfisher */,
				7D1DD68E26E8FC3A007558EF /* SnapKit */,
			);
			productName = SearchDaumBlog;
			productReference = 7D1DD66526E8F582007558EF /* SearchDaumBlog.app */;
			productType = "com.apple.product-type.application";
		};
/* End PBXNativeTarget section */

/* Begin PBXProject section */
		7D1DD65D26E8F582007558EF /* Project object */ = {
			isa = PBXProject;
			attributes = {
				LastSwiftUpdateCheck = 1250;
				LastUpgradeCheck = 1250;
				TargetAttributes = {
					7D1DD66426E8F582007558EF = {
						CreatedOnToolsVersion = 12.5.1;
					};
				};
			};
			buildConfigurationList = 7D1DD66026E8F582007558EF /* Build configuration list for PBXProject "SearchDaumBlog" */;
			compatibilityVersion = "Xcode 9.3";
			developmentRegion = en;
			hasScannedForEncodings = 0;
			knownRegions = (
				en,
				Base,
			);
			mainGroup = 7D1DD65C26E8F582007558EF;
			packageReferences = (
				7D1DD68A26E8FAC8007558EF /* XCRemoteSwiftPackageReference "Kingfisher" */,
				7D1DD68D26E8FC3A007558EF /* XCRemoteSwiftPackageReference "SnapKit" */,
			);
			productRefGroup = 7D1DD66626E8F582007558EF /* Products */;
			projectDirPath = "";
			projectRoot = "";
			targets = (
				7D1DD66426E8F582007558EF /* SearchDaumBlog */,
			);
		};
/* End PBXProject section */

/* Begin PBXResourcesBuildPhase section */
		7D1DD66326E8F582007558EF /* Resources */ = {
			isa = PBXResourcesBuildPhase;
			buildActionMask = 2147483647;
			files = (
				7D1DD67526E8F582007558EF /* LaunchScreen.storyboard in Resources */,
				7D1DD67226E8F582007558EF /* Assets.xcassets in Resources */,
			);
			runOnlyForDeploymentPostprocessing = 0;
		};
/* End PBXResourcesBuildPhase section */

/* Begin PBXShellScriptBuildPhase section */
		D9284F04F401744C2BBDDC0E /* [CP] Embed Pods Frameworks */ = {
			isa = PBXShellScriptBuildPhase;
			buildActionMask = 2147483647;
			files = (
			);
			inputFileListPaths = (
				"${PODS_ROOT}/Target Support Files/Pods-SearchDaumBlog/Pods-SearchDaumBlog-frameworks-${CONFIGURATION}-input-files.xcfilelist",
			);
			name = "[CP] Embed Pods Frameworks";
			outputFileListPaths = (
				"${PODS_ROOT}/Target Support Files/Pods-SearchDaumBlog/Pods-SearchDaumBlog-frameworks-${CONFIGURATION}-output-files.xcfilelist",
			);
			runOnlyForDeploymentPostprocessing = 0;
			shellPath = /bin/sh;
			shellScript = "\"${PODS_ROOT}/Target Support Files/Pods-SearchDaumBlog/Pods-SearchDaumBlog-frameworks.sh\"\n";
			showEnvVarsInLog = 0;
		};
		D9A521369335FC8D3B6F6CA1 /* [CP] Check Pods Manifest.lock */ = {
			isa = PBXShellScriptBuildPhase;
			buildActionMask = 2147483647;
			files = (
			);
			inputFileListPaths = (
			);
			inputPaths = (
				"${PODS_PODFILE_DIR_PATH}/Podfile.lock",
				"${PODS_ROOT}/Manifest.lock",
			);
			name = "[CP] Check Pods Manifest.lock";
			outputFileListPaths = (
			);
			outputPaths = (
				"$(DERIVED_FILE_DIR)/Pods-SearchDaumBlog-checkManifestLockResult.txt",
			);
			runOnlyForDeploymentPostprocessing = 0;
			shellPath = /bin/sh;
			shellScript = "diff \"${PODS_PODFILE_DIR_PATH}/Podfile.lock\" \"${PODS_ROOT}/Manifest.lock\" > /dev/null\nif [ $? != 0 ] ; then\n    # print error to STDERR\n    echo \"error: The sandbox is not in sync with the Podfile.lock. Run 'pod install' or update your CocoaPods installation.\" >&2\n    exit 1\nfi\n# This output is used by Xcode 'outputs' to avoid re-running this script phase.\necho \"SUCCESS\" > \"${SCRIPT_OUTPUT_FILE_0}\"\n";
			showEnvVarsInLog = 0;
		};
/* End PBXShellScriptBuildPhase section */

/* Begin PBXSourcesBuildPhase section */
		7D1DD66126E8F582007558EF /* Sources */ = {
			isa = PBXSourcesBuildPhase;
			buildActionMask = 2147483647;
			files = (
				7D1DD69626E904A4007558EF /* FilterView.swift in Sources */,
				7D1DD66926E8F582007558EF /* AppDelegate.swift in Sources */,
				7D1DD67D26E8F5C3007558EF /* BlogListView.swift in Sources */,
				7D1DD67F26E8F668007558EF /* DKBlog.swift in Sources */,
				7D1DD66B26E8F582007558EF /* SceneDelegate.swift in Sources */,
				7D1DD68526E8F767007558EF /* SearchBlogNetwork.swift in Sources */,
				7D1DD69926E9B384007558EF /* Alert.swift in Sources */,
				7D1DD68926E8FA3F007558EF /* BlogListCell.swift in Sources */,
				7D1DD69126E8FD24007558EF /* MainViewController.swift in Sources */,
				7D1DD69426E8FD9E007558EF /* SearchBar.swift in Sources */,
				7D1DD68126E8F6A0007558EF /* BlogListCellData.swift in Sources */,
				7D1DD68726E8F7C3007558EF /* SearchNetworkError.swift in Sources */,
			);
			runOnlyForDeploymentPostprocessing = 0;
		};
/* End PBXSourcesBuildPhase section */

/* Begin PBXVariantGroup section */
		7D1DD67326E8F582007558EF /* LaunchScreen.storyboard */ = {
			isa = PBXVariantGroup;
			children = (
				7D1DD67426E8F582007558EF /* Base */,
			);
			name = LaunchScreen.storyboard;
			sourceTree = "<group>";
		};
/* End PBXVariantGroup section */

/* Begin XCBuildConfiguration section */
		7D1DD67726E8F582007558EF /* Debug */ = {
			isa = XCBuildConfiguration;
			buildSettings = {
				ALWAYS_SEARCH_USER_PATHS = NO;
				CLANG_ANALYZER_NONNULL = YES;
				CLANG_ANALYZER_NUMBER_OBJECT_CONVERSION = YES_AGGRESSIVE;
				CLANG_CXX_LANGUAGE_STANDARD = "gnu++14";
				CLANG_CXX_LIBRARY = "libc++";
				CLANG_ENABLE_MODULES = YES;
				CLANG_ENABLE_OBJC_ARC = YES;
				CLANG_ENABLE_OBJC_WEAK = YES;
				CLANG_WARN_BLOCK_CAPTURE_AUTORELEASING = YES;
				CLANG_WARN_BOOL_CONVERSION = YES;
				CLANG_WARN_COMMA = YES;
				CLANG_WARN_CONSTANT_CONVERSION = YES;
				CLANG_WARN_DEPRECATED_OBJC_IMPLEMENTATIONS = YES;
				CLANG_WARN_DIRECT_OBJC_ISA_USAGE = YES_ERROR;
				CLANG_WARN_DOCUMENTATION_COMMENTS = YES;
				CLANG_WARN_EMPTY_BODY = YES;
				CLANG_WARN_ENUM_CONVERSION = YES;
				CLANG_WARN_INFINITE_RECURSION = YES;
				CLANG_WARN_INT_CONVERSION = YES;
				CLANG_WARN_NON_LITERAL_NULL_CONVERSION = YES;
				CLANG_WARN_OBJC_IMPLICIT_RETAIN_SELF = YES;
				CLANG_WARN_OBJC_LITERAL_CONVERSION = YES;
				CLANG_WARN_OBJC_ROOT_CLASS = YES_ERROR;
				CLANG_WARN_QUOTED_INCLUDE_IN_FRAMEWORK_HEADER = YES;
				CLANG_WARN_RANGE_LOOP_ANALYSIS = YES;
				CLANG_WARN_STRICT_PROTOTYPES = YES;
				CLANG_WARN_SUSPICIOUS_MOVE = YES;
				CLANG_WARN_UNGUARDED_AVAILABILITY = YES_AGGRESSIVE;
				CLANG_WARN_UNREACHABLE_CODE = YES;
				CLANG_WARN__DUPLICATE_METHOD_MATCH = YES;
				COPY_PHASE_STRIP = NO;
				DEBUG_INFORMATION_FORMAT = dwarf;
				ENABLE_STRICT_OBJC_MSGSEND = YES;
				ENABLE_TESTABILITY = YES;
				GCC_C_LANGUAGE_STANDARD = gnu11;
				GCC_DYNAMIC_NO_PIC = NO;
				GCC_NO_COMMON_BLOCKS = YES;
				GCC_OPTIMIZATION_LEVEL = 0;
				GCC_PREPROCESSOR_DEFINITIONS = (
					"DEBUG=1",
					"$(inherited)",
				);
				GCC_WARN_64_TO_32_BIT_CONVERSION = YES;
				GCC_WARN_ABOUT_RETURN_TYPE = YES_ERROR;
				GCC_WARN_UNDECLARED_SELECTOR = YES;
				GCC_WARN_UNINITIALIZED_AUTOS = YES_AGGRESSIVE;
				GCC_WARN_UNUSED_FUNCTION = YES;
				GCC_WARN_UNUSED_VARIABLE = YES;
				IPHONEOS_DEPLOYMENT_TARGET = 14.5;
				MTL_ENABLE_DEBUG_INFO = INCLUDE_SOURCE;
				MTL_FAST_MATH = YES;
				ONLY_ACTIVE_ARCH = YES;
				SDKROOT = iphoneos;
				SWIFT_ACTIVE_COMPILATION_CONDITIONS = DEBUG;
				SWIFT_OPTIMIZATION_LEVEL = "-Onone";
			};
			name = Debug;
		};
		7D1DD67826E8F582007558EF /* Release */ = {
			isa = XCBuildConfiguration;
			buildSettings = {
				ALWAYS_SEARCH_USER_PATHS = NO;
				CLANG_ANALYZER_NONNULL = YES;
				CLANG_ANALYZER_NUMBER_OBJECT_CONVERSION = YES_AGGRESSIVE;
				CLANG_CXX_LANGUAGE_STANDARD = "gnu++14";
				CLANG_CXX_LIBRARY = "libc++";
				CLANG_ENABLE_MODULES = YES;
				CLANG_ENABLE_OBJC_ARC = YES;
				CLANG_ENABLE_OBJC_WEAK = YES;
				CLANG_WARN_BLOCK_CAPTURE_AUTORELEASING = YES;
				CLANG_WARN_BOOL_CONVERSION = YES;
				CLANG_WARN_COMMA = YES;
				CLANG_WARN_CONSTANT_CONVERSION = YES;
				CLANG_WARN_DEPRECATED_OBJC_IMPLEMENTATIONS = YES;
				CLANG_WARN_DIRECT_OBJC_ISA_USAGE = YES_ERROR;
				CLANG_WARN_DOCUMENTATION_COMMENTS = YES;
				CLANG_WARN_EMPTY_BODY = YES;
				CLANG_WARN_ENUM_CONVERSION = YES;
				CLANG_WARN_INFINITE_RECURSION = YES;
				CLANG_WARN_INT_CONVERSION = YES;
				CLANG_WARN_NON_LITERAL_NULL_CONVERSION = YES;
				CLANG_WARN_OBJC_IMPLICIT_RETAIN_SELF = YES;
				CLANG_WARN_OBJC_LITERAL_CONVERSION = YES;
				CLANG_WARN_OBJC_ROOT_CLASS = YES_ERROR;
				CLANG_WARN_QUOTED_INCLUDE_IN_FRAMEWORK_HEADER = YES;
				CLANG_WARN_RANGE_LOOP_ANALYSIS = YES;
				CLANG_WARN_STRICT_PROTOTYPES = YES;
				CLANG_WARN_SUSPICIOUS_MOVE = YES;
				CLANG_WARN_UNGUARDED_AVAILABILITY = YES_AGGRESSIVE;
				CLANG_WARN_UNREACHABLE_CODE = YES;
				CLANG_WARN__DUPLICATE_METHOD_MATCH = YES;
				COPY_PHASE_STRIP = NO;
				DEBUG_INFORMATION_FORMAT = "dwarf-with-dsym";
				ENABLE_NS_ASSERTIONS = NO;
				ENABLE_STRICT_OBJC_MSGSEND = YES;
				GCC_C_LANGUAGE_STANDARD = gnu11;
				GCC_NO_COMMON_BLOCKS = YES;
				GCC_WARN_64_TO_32_BIT_CONVERSION = YES;
				GCC_WARN_ABOUT_RETURN_TYPE = YES_ERROR;
				GCC_WARN_UNDECLARED_SELECTOR = YES;
				GCC_WARN_UNINITIALIZED_AUTOS = YES_AGGRESSIVE;
				GCC_WARN_UNUSED_FUNCTION = YES;
				GCC_WARN_UNUSED_VARIABLE = YES;
				IPHONEOS_DEPLOYMENT_TARGET = 14.5;
				MTL_ENABLE_DEBUG_INFO = NO;
				MTL_FAST_MATH = YES;
				SDKROOT = iphoneos;
				SWIFT_COMPILATION_MODE = wholemodule;
				SWIFT_OPTIMIZATION_LEVEL = "-O";
				VALIDATE_PRODUCT = YES;
			};
			name = Release;
		};
		7D1DD67A26E8F582007558EF /* Debug */ = {
			isa = XCBuildConfiguration;
			baseConfigurationReference = C6814979BD19185AFDCB372A /* Pods-SearchDaumBlog.debug.xcconfig */;
			buildSettings = {
				ASSETCATALOG_COMPILER_APPICON_NAME = AppIcon;
				ASSETCATALOG_COMPILER_GLOBAL_ACCENT_COLOR_NAME = AccentColor;
				CODE_SIGN_STYLE = Automatic;
				DEVELOPMENT_TEAM = V6G44Y3JGM;
				INFOPLIST_FILE = SearchDaumBlog/Info.plist;
				LD_RUNPATH_SEARCH_PATHS = (
					"$(inherited)",
					"@executable_path/Frameworks",
				);
				PRODUCT_BUNDLE_IDENTIFIER = "Bo-Young-PARK.SearchDaumBlog";
				PRODUCT_NAME = "$(TARGET_NAME)";
				SWIFT_VERSION = 5.0;
				TARGETED_DEVICE_FAMILY = "1,2";
			};
			name = Debug;
		};
		7D1DD67B26E8F582007558EF /* Release */ = {
			isa = XCBuildConfiguration;
			baseConfigurationReference = E0E8D1748D22B318ABAA539B /* Pods-SearchDaumBlog.release.xcconfig */;
			buildSettings = {
				ASSETCATALOG_COMPILER_APPICON_NAME = AppIcon;
				ASSETCATALOG_COMPILER_GLOBAL_ACCENT_COLOR_NAME = AccentColor;
				CODE_SIGN_STYLE = Automatic;
				DEVELOPMENT_TEAM = V6G44Y3JGM;
				INFOPLIST_FILE = SearchDaumBlog/Info.plist;
				LD_RUNPATH_SEARCH_PATHS = (
					"$(inherited)",
					"@executable_path/Frameworks",
				);
				PRODUCT_BUNDLE_IDENTIFIER = "Bo-Young-PARK.SearchDaumBlog";
				PRODUCT_NAME = "$(TARGET_NAME)";
				SWIFT_VERSION = 5.0;
				TARGETED_DEVICE_FAMILY = "1,2";
			};
			name = Release;
		};
/* End XCBuildConfiguration section */

/* Begin XCConfigurationList section */
		7D1DD66026E8F582007558EF /* Build configuration list for PBXProject "SearchDaumBlog" */ = {
			isa = XCConfigurationList;
			buildConfigurations = (
				7D1DD67726E8F582007558EF /* Debug */,
				7D1DD67826E8F582007558EF /* Release */,
			);
			defaultConfigurationIsVisible = 0;
			defaultConfigurationName = Release;
		};
		7D1DD67926E8F582007558EF /* Build configuration list for PBXNativeTarget "SearchDaumBlog" */ = {
			isa = XCConfigurationList;
			buildConfigurations = (
				7D1DD67A26E8F582007558EF /* Debug */,
				7D1DD67B26E8F582007558EF /* Release */,
			);
			defaultConfigurationIsVisible = 0;
			defaultConfigurationName = Release;
		};
/* End XCConfigurationList section */

/* Begin XCRemoteSwiftPackageReference section */
		7D1DD68A26E8FAC8007558EF /* XCRemoteSwiftPackageReference "Kingfisher" */ = {
			isa = XCRemoteSwiftPackageReference;
			repositoryURL = "https://github.com/onevcat/Kingfisher.git";
			requirement = {
				kind = upToNextMajorVersion;
				minimumVersion = 6.3.1;
			};
		};
		7D1DD68D26E8FC3A007558EF /* XCRemoteSwiftPackageReference "SnapKit" */ = {
			isa = XCRemoteSwiftPackageReference;
			repositoryURL = "https://github.com/SnapKit/SnapKit.git";
			requirement = {
				kind = upToNextMajorVersion;
				minimumVersion = 5.0.1;
			};
		};
/* End XCRemoteSwiftPackageReference section */

/* Begin XCSwiftPackageProductDependency section */
		7D1DD68B26E8FAC8007558EF /* Kingfisher */ = {
			isa = XCSwiftPackageProductDependency;
			package = 7D1DD68A26E8FAC8007558EF /* XCRemoteSwiftPackageReference "Kingfisher" */;
			productName = Kingfisher;
		};
		7D1DD68E26E8FC3A007558EF /* SnapKit */ = {
			isa = XCSwiftPackageProductDependency;
			package = 7D1DD68D26E8FC3A007558EF /* XCRemoteSwiftPackageReference "SnapKit" */;
			productName = SnapKit;
		};
/* End XCSwiftPackageProductDependency section */
	};
	rootObject = 7D1DD65D26E8F582007558EF /* Project object */;
}
