// !$*UTF8*$!
{
	archiveVersion = 1;
	classes = {
	};
	objectVersion = 56;
	objects = {

/* Begin PBXBuildFile section */
		0732019029A17E640086FAC8 /* AppDelegate.swift in Sources */ = {isa = PBXBuildFile; fileRef = 0732018F29A17E640086FAC8 /* AppDelegate.swift */; };
		0732019229A17E640086FAC8 /* SceneDelegate.swift in Sources */ = {isa = PBXBuildFile; fileRef = 0732019129A17E640086FAC8 /* SceneDelegate.swift */; };
		0732019429A17E640086FAC8 /* MainViewController.swift in Sources */ = {isa = PBXBuildFile; fileRef = 0732019329A17E640086FAC8 /* MainViewController.swift */; };
		0732019929A17E650086FAC8 /* Assets.xcassets in Resources */ = {isa = PBXBuildFile; fileRef = 0732019829A17E650086FAC8 /* Assets.xcassets */; };
		0732019C29A17E650086FAC8 /* LaunchScreen.storyboard in Resources */ = {isa = PBXBuildFile; fileRef = 0732019A29A17E650086FAC8 /* LaunchScreen.storyboard */; };
		073201A529A17E8D0086FAC8 /* RxCocoa in Frameworks */ = {isa = PBXBuildFile; productRef = 073201A429A17E8D0086FAC8 /* RxCocoa */; };
		073201A729A17E8D0086FAC8 /* RxRelay in Frameworks */ = {isa = PBXBuildFile; productRef = 073201A629A17E8D0086FAC8 /* RxRelay */; };
		073201A929A17E8D0086FAC8 /* RxSwift in Frameworks */ = {isa = PBXBuildFile; productRef = 073201A829A17E8D0086FAC8 /* RxSwift */; };
		073201AC29A17EB90086FAC8 /* SnapKit in Frameworks */ = {isa = PBXBuildFile; productRef = 073201AB29A17EB90086FAC8 /* SnapKit */; };
		073201AF29A17ECB0086FAC8 /* Kingfisher in Frameworks */ = {isa = PBXBuildFile; productRef = 073201AE29A17ECB0086FAC8 /* Kingfisher */; };
		073201B129A180D30086FAC8 /* SearchBar.swift in Sources */ = {isa = PBXBuildFile; fileRef = 073201B029A180D30086FAC8 /* SearchBar.swift */; };
		073201B329A18C100086FAC8 /* FilterView.swift in Sources */ = {isa = PBXBuildFile; fileRef = 073201B229A18C100086FAC8 /* FilterView.swift */; };
		073201B529A2F37E0086FAC8 /* BlogList.swift in Sources */ = {isa = PBXBuildFile; fileRef = 073201B429A2F37E0086FAC8 /* BlogList.swift */; };
		073201B729A2F3860086FAC8 /* BlogListCell.swift in Sources */ = {isa = PBXBuildFile; fileRef = 073201B629A2F3860086FAC8 /* BlogListCell.swift */; };
		073201B929A2F3C30086FAC8 /* BlogListCellData.swift in Sources */ = {isa = PBXBuildFile; fileRef = 073201B829A2F3C30086FAC8 /* BlogListCellData.swift */; };
		0775E31829A303A6003691B8 /* AlertActionCovertable.swift in Sources */ = {isa = PBXBuildFile; fileRef = 0775E31729A303A6003691B8 /* AlertActionCovertable.swift */; };
		0775E31A29A324BC003691B8 /* DKBlog.swift in Sources */ = {isa = PBXBuildFile; fileRef = 0775E31929A324BC003691B8 /* DKBlog.swift */; };
		0775E31C29A327CB003691B8 /* SearchBlogAPI.swift in Sources */ = {isa = PBXBuildFile; fileRef = 0775E31B29A327CB003691B8 /* SearchBlogAPI.swift */; };
		0775E31F29A328B0003691B8 /* SearchBlogNetwork.swift in Sources */ = {isa = PBXBuildFile; fileRef = 0775E31E29A328B0003691B8 /* SearchBlogNetwork.swift */; };
		0775E32129A3428B003691B8 /* SearchBarViewModel.swift in Sources */ = {isa = PBXBuildFile; fileRef = 0775E32029A3428B003691B8 /* SearchBarViewModel.swift */; };
		0775E32329A34445003691B8 /* FilterViewModel.swift in Sources */ = {isa = PBXBuildFile; fileRef = 0775E32229A34445003691B8 /* FilterViewModel.swift */; };
		0775E32529A34518003691B8 /* BlogListViewModel.swift in Sources */ = {isa = PBXBuildFile; fileRef = 0775E32429A34518003691B8 /* BlogListViewModel.swift */; };
		0775E32729A34600003691B8 /* MainViewModel.swift in Sources */ = {isa = PBXBuildFile; fileRef = 0775E32629A34600003691B8 /* MainViewModel.swift */; };
		0775E32929A73E1E003691B8 /* MainModel.swift in Sources */ = {isa = PBXBuildFile; fileRef = 0775E32829A73E1E003691B8 /* MainModel.swift */; };
/* End PBXBuildFile section */

/* Begin PBXFileReference section */
		0732018C29A17E640086FAC8 /* SearchDaumBlog.app */ = {isa = PBXFileReference; explicitFileType = wrapper.application; includeInIndex = 0; path = SearchDaumBlog.app; sourceTree = BUILT_PRODUCTS_DIR; };
		0732018F29A17E640086FAC8 /* AppDelegate.swift */ = {isa = PBXFileReference; lastKnownFileType = sourcecode.swift; path = AppDelegate.swift; sourceTree = "<group>"; };
		0732019129A17E640086FAC8 /* SceneDelegate.swift */ = {isa = PBXFileReference; lastKnownFileType = sourcecode.swift; path = SceneDelegate.swift; sourceTree = "<group>"; };
		0732019329A17E640086FAC8 /* MainViewController.swift */ = {isa = PBXFileReference; lastKnownFileType = sourcecode.swift; path = MainViewController.swift; sourceTree = "<group>"; };
		0732019829A17E650086FAC8 /* Assets.xcassets */ = {isa = PBXFileReference; lastKnownFileType = folder.assetcatalog; path = Assets.xcassets; sourceTree = "<group>"; };
		0732019B29A17E650086FAC8 /* Base */ = {isa = PBXFileReference; lastKnownFileType = file.storyboard; name = Base; path = Base.lproj/LaunchScreen.storyboard; sourceTree = "<group>"; };
		0732019D29A17E650086FAC8 /* Info.plist */ = {isa = PBXFileReference; lastKnownFileType = text.plist.xml; path = Info.plist; sourceTree = "<group>"; };
		073201B029A180D30086FAC8 /* SearchBar.swift */ = {isa = PBXFileReference; lastKnownFileType = sourcecode.swift; path = SearchBar.swift; sourceTree = "<group>"; };
		073201B229A18C100086FAC8 /* FilterView.swift */ = {isa = PBXFileReference; lastKnownFileType = sourcecode.swift; path = FilterView.swift; sourceTree = "<group>"; };
		073201B429A2F37E0086FAC8 /* BlogList.swift */ = {isa = PBXFileReference; lastKnownFileType = sourcecode.swift; path = BlogList.swift; sourceTree = "<group>"; };
		073201B629A2F3860086FAC8 /* BlogListCell.swift */ = {isa = PBXFileReference; lastKnownFileType = sourcecode.swift; path = BlogListCell.swift; sourceTree = "<group>"; };
		073201B829A2F3C30086FAC8 /* BlogListCellData.swift */ = {isa = PBXFileReference; lastKnownFileType = sourcecode.swift; path = BlogListCellData.swift; sourceTree = "<group>"; };
		0775E31729A303A6003691B8 /* AlertActionCovertable.swift */ = {isa = PBXFileReference; lastKnownFileType = sourcecode.swift; path = AlertActionCovertable.swift; sourceTree = "<group>"; };
		0775E31929A324BC003691B8 /* DKBlog.swift */ = {isa = PBXFileReference; lastKnownFileType = sourcecode.swift; path = DKBlog.swift; sourceTree = "<group>"; };
		0775E31B29A327CB003691B8 /* SearchBlogAPI.swift */ = {isa = PBXFileReference; lastKnownFileType = sourcecode.swift; path = SearchBlogAPI.swift; sourceTree = "<group>"; };
		0775E31E29A328B0003691B8 /* SearchBlogNetwork.swift */ = {isa = PBXFileReference; lastKnownFileType = sourcecode.swift; path = SearchBlogNetwork.swift; sourceTree = "<group>"; };
		0775E32029A3428B003691B8 /* SearchBarViewModel.swift */ = {isa = PBXFileReference; lastKnownFileType = sourcecode.swift; path = SearchBarViewModel.swift; sourceTree = "<group>"; };
		0775E32229A34445003691B8 /* FilterViewModel.swift */ = {isa = PBXFileReference; lastKnownFileType = sourcecode.swift; path = FilterViewModel.swift; sourceTree = "<group>"; };
		0775E32429A34518003691B8 /* BlogListViewModel.swift */ = {isa = PBXFileReference; lastKnownFileType = sourcecode.swift; path = BlogListViewModel.swift; sourceTree = "<group>"; };
		0775E32629A34600003691B8 /* MainViewModel.swift */ = {isa = PBXFileReference; lastKnownFileType = sourcecode.swift; path = MainViewModel.swift; sourceTree = "<group>"; };
		0775E32829A73E1E003691B8 /* MainModel.swift */ = {isa = PBXFileReference; lastKnownFileType = sourcecode.swift; path = MainModel.swift; sourceTree = "<group>"; };
/* End PBXFileReference section */

/* Begin PBXFrameworksBuildPhase section */
		0732018929A17E640086FAC8 /* Frameworks */ = {
			isa = PBXFrameworksBuildPhase;
			buildActionMask = 2147483647;
			files = (
				073201A929A17E8D0086FAC8 /* RxSwift in Frameworks */,
				073201AC29A17EB90086FAC8 /* SnapKit in Frameworks */,
				073201A729A17E8D0086FAC8 /* RxRelay in Frameworks */,
				073201A529A17E8D0086FAC8 /* RxCocoa in Frameworks */,
				073201AF29A17ECB0086FAC8 /* Kingfisher in Frameworks */,
			);
			runOnlyForDeploymentPostprocessing = 0;
		};
/* End PBXFrameworksBuildPhase section */

/* Begin PBXGroup section */
		0732018329A17E640086FAC8 = {
			isa = PBXGroup;
			children = (
				0732018E29A17E640086FAC8 /* SearchDaumBlog */,
				0732018D29A17E640086FAC8 /* Products */,
			);
			sourceTree = "<group>";
		};
		0732018D29A17E640086FAC8 /* Products */ = {
			isa = PBXGroup;
			children = (
				0732018C29A17E640086FAC8 /* SearchDaumBlog.app */,
			);
			name = Products;
			sourceTree = "<group>";
		};
		0732018E29A17E640086FAC8 /* SearchDaumBlog */ = {
			isa = PBXGroup;
			children = (
				0732018F29A17E640086FAC8 /* AppDelegate.swift */,
				0732019129A17E640086FAC8 /* SceneDelegate.swift */,
				073201BB29A2F4050086FAC8 /* Presentation */,
				073201BC29A2F41E0086FAC8 /* Entity */,
				0732019829A17E650086FAC8 /* Assets.xcassets */,
				0732019A29A17E650086FAC8 /* LaunchScreen.storyboard */,
				0732019D29A17E650086FAC8 /* Info.plist */,
				0775E31D29A327D4003691B8 /* Network */,
			);
			path = SearchDaumBlog;
			sourceTree = "<group>";
		};
		073201BB29A2F4050086FAC8 /* Presentation */ = {
			isa = PBXGroup;
			children = (
				0775E31329A2FF89003691B8 /* MainViewController */,
			);
			path = Presentation;
			sourceTree = "<group>";
		};
		073201BC29A2F41E0086FAC8 /* Entity */ = {
			isa = PBXGroup;
			children = (
				073201B829A2F3C30086FAC8 /* BlogListCellData.swift */,
				0775E31729A303A6003691B8 /* AlertActionCovertable.swift */,
				0775E31929A324BC003691B8 /* DKBlog.swift */,
			);
			path = Entity;
			sourceTree = "<group>";
		};
		0775E31129A2FF2E003691B8 /* SubComponents */ = {
			isa = PBXGroup;
			children = (
				0775E31429A2FF9D003691B8 /* SearchBar */,
				0775E31529A2FFAF003691B8 /* BlogListView */,
			);
			path = SubComponents;
			sourceTree = "<group>";
		};
		0775E31329A2FF89003691B8 /* MainViewController */ = {
			isa = PBXGroup;
			children = (
				0732019329A17E640086FAC8 /* MainViewController.swift */,
				0775E32629A34600003691B8 /* MainViewModel.swift */,
				0775E32829A73E1E003691B8 /* MainModel.swift */,
				0775E31129A2FF2E003691B8 /* SubComponents */,
			);
			path = MainViewController;
			sourceTree = "<group>";
		};
		0775E31429A2FF9D003691B8 /* SearchBar */ = {
			isa = PBXGroup;
			children = (
				073201B029A180D30086FAC8 /* SearchBar.swift */,
				0775E32029A3428B003691B8 /* SearchBarViewModel.swift */,
			);
			path = SearchBar;
			sourceTree = "<group>";
		};
		0775E31529A2FFAF003691B8 /* BlogListView */ = {
			isa = PBXGroup;
			children = (
				073201B429A2F37E0086FAC8 /* BlogList.swift */,
				0775E32429A34518003691B8 /* BlogListViewModel.swift */,
				0775E31629A2FFCC003691B8 /* SubComponents */,
			);
			path = BlogListView;
			sourceTree = "<group>";
		};
		0775E31629A2FFCC003691B8 /* SubComponents */ = {
			isa = PBXGroup;
			children = (
				073201B229A18C100086FAC8 /* FilterView.swift */,
				073201B629A2F3860086FAC8 /* BlogListCell.swift */,
				0775E32229A34445003691B8 /* FilterViewModel.swift */,
			);
			path = SubComponents;
			sourceTree = "<group>";
		};
		0775E31D29A327D4003691B8 /* Network */ = {
			isa = PBXGroup;
			children = (
				0775E31B29A327CB003691B8 /* SearchBlogAPI.swift */,
				0775E31E29A328B0003691B8 /* SearchBlogNetwork.swift */,
			);
			path = Network;
			sourceTree = "<group>";
		};
/* End PBXGroup section */

/* Begin PBXNativeTarget section */
		0732018B29A17E640086FAC8 /* SearchDaumBlog */ = {
			isa = PBXNativeTarget;
			buildConfigurationList = 073201A029A17E650086FAC8 /* Build configuration list for PBXNativeTarget "SearchDaumBlog" */;
			buildPhases = (
				0732018829A17E640086FAC8 /* Sources */,
				0732018929A17E640086FAC8 /* Frameworks */,
				0732018A29A17E640086FAC8 /* Resources */,
			);
			buildRules = (
			);
			dependencies = (
			);
			name = SearchDaumBlog;
			packageProductDependencies = (
				073201A429A17E8D0086FAC8 /* RxCocoa */,
				073201A629A17E8D0086FAC8 /* RxRelay */,
				073201A829A17E8D0086FAC8 /* RxSwift */,
				073201AB29A17EB90086FAC8 /* SnapKit */,
				073201AE29A17ECB0086FAC8 /* Kingfisher */,
			);
			productName = SearchDaumBlog;
			productReference = 0732018C29A17E640086FAC8 /* SearchDaumBlog.app */;
			productType = "com.apple.product-type.application";
		};
/* End PBXNativeTarget section */

/* Begin PBXProject section */
		0732018429A17E640086FAC8 /* Project object */ = {
			isa = PBXProject;
			attributes = {
				BuildIndependentTargetsInParallel = 1;
				LastSwiftUpdateCheck = 1420;
				LastUpgradeCheck = 1420;
				TargetAttributes = {
					0732018B29A17E640086FAC8 = {
						CreatedOnToolsVersion = 14.2;
					};
				};
			};
			buildConfigurationList = 0732018729A17E640086FAC8 /* Build configuration list for PBXProject "SearchDaumBlog" */;
			compatibilityVersion = "Xcode 14.0";
			developmentRegion = en;
			hasScannedForEncodings = 0;
			knownRegions = (
				en,
				Base,
			);
			mainGroup = 0732018329A17E640086FAC8;
			packageReferences = (
				073201A329A17E8D0086FAC8 /* XCRemoteSwiftPackageReference "RxSwift" */,
				073201AA29A17EB90086FAC8 /* XCRemoteSwiftPackageReference "SnapKit" */,
				073201AD29A17ECB0086FAC8 /* XCRemoteSwiftPackageReference "Kingfisher" */,
			);
			productRefGroup = 0732018D29A17E640086FAC8 /* Products */;
			projectDirPath = "";
			projectRoot = "";
			targets = (
				0732018B29A17E640086FAC8 /* SearchDaumBlog */,
			);
		};
/* End PBXProject section */

/* Begin PBXResourcesBuildPhase section */
		0732018A29A17E640086FAC8 /* Resources */ = {
			isa = PBXResourcesBuildPhase;
			buildActionMask = 2147483647;
			files = (
				0732019C29A17E650086FAC8 /* LaunchScreen.storyboard in Resources */,
				0732019929A17E650086FAC8 /* Assets.xcassets in Resources */,
			);
			runOnlyForDeploymentPostprocessing = 0;
		};
/* End PBXResourcesBuildPhase section */

/* Begin PBXSourcesBuildPhase section */
		0732018829A17E640086FAC8 /* Sources */ = {
			isa = PBXSourcesBuildPhase;
			buildActionMask = 2147483647;
			files = (
				0775E32329A34445003691B8 /* FilterViewModel.swift in Sources */,
				0732019429A17E640086FAC8 /* MainViewController.swift in Sources */,
				073201B729A2F3860086FAC8 /* BlogListCell.swift in Sources */,
				0775E31A29A324BC003691B8 /* DKBlog.swift in Sources */,
				073201B529A2F37E0086FAC8 /* BlogList.swift in Sources */,
				0775E31C29A327CB003691B8 /* SearchBlogAPI.swift in Sources */,
				0775E31829A303A6003691B8 /* AlertActionCovertable.swift in Sources */,
				0775E32529A34518003691B8 /* BlogListViewModel.swift in Sources */,
				073201B929A2F3C30086FAC8 /* BlogListCellData.swift in Sources */,
				073201B129A180D30086FAC8 /* SearchBar.swift in Sources */,
				0732019029A17E640086FAC8 /* AppDelegate.swift in Sources */,
				0775E32929A73E1E003691B8 /* MainModel.swift in Sources */,
				073201B329A18C100086FAC8 /* FilterView.swift in Sources */,
				0775E32129A3428B003691B8 /* SearchBarViewModel.swift in Sources */,
				0775E31F29A328B0003691B8 /* SearchBlogNetwork.swift in Sources */,
				0732019229A17E640086FAC8 /* SceneDelegate.swift in Sources */,
				0775E32729A34600003691B8 /* MainViewModel.swift in Sources */,
			);
			runOnlyForDeploymentPostprocessing = 0;
		};
/* End PBXSourcesBuildPhase section */

/* Begin PBXVariantGroup section */
		0732019A29A17E650086FAC8 /* LaunchScreen.storyboard */ = {
			isa = PBXVariantGroup;
			children = (
				0732019B29A17E650086FAC8 /* Base */,
			);
			name = LaunchScreen.storyboard;
			sourceTree = "<group>";
		};
/* End PBXVariantGroup section */

/* Begin XCBuildConfiguration section */
		0732019E29A17E650086FAC8 /* Debug */ = {
			isa = XCBuildConfiguration;
			buildSettings = {
				ALWAYS_SEARCH_USER_PATHS = NO;
				CLANG_ANALYZER_NONNULL = YES;
				CLANG_ANALYZER_NUMBER_OBJECT_CONVERSION = YES_AGGRESSIVE;
				CLANG_CXX_LANGUAGE_STANDARD = "gnu++20";
				CLANG_ENABLE_MODULES = YES;
				CLANG_ENABLE_OBJC_ARC = YES;
				CLANG_ENABLE_OBJC_WEAK = YES;
				CLANG_WARN_BLOCK_CAPTURE_AUTORELEASING = YES;
				CLANG_WARN_BOOL_CONVERSION = YES;
				CLANG_WARN_COMMA = YES;
				CLANG_WARN_CONSTANT_CONVERSION = YES;
				CLANG_WARN_DEPRECATED_OBJC_IMPLEMENTATIONS = YES;
				CLANG_WARN_DIRECT_OBJC_ISA_USAGE = YES_ERROR;
				CLANG_WARN_DOCUMENTATION_COMMENTS = YES;
				CLANG_WARN_EMPTY_BODY = YES;
				CLANG_WARN_ENUM_CONVERSION = YES;
				CLANG_WARN_INFINITE_RECURSION = YES;
				CLANG_WARN_INT_CONVERSION = YES;
				CLANG_WARN_NON_LITERAL_NULL_CONVERSION = YES;
				CLANG_WARN_OBJC_IMPLICIT_RETAIN_SELF = YES;
				CLANG_WARN_OBJC_LITERAL_CONVERSION = YES;
				CLANG_WARN_OBJC_ROOT_CLASS = YES_ERROR;
				CLANG_WARN_QUOTED_INCLUDE_IN_FRAMEWORK_HEADER = YES;
				CLANG_WARN_RANGE_LOOP_ANALYSIS = YES;
				CLANG_WARN_STRICT_PROTOTYPES = YES;
				CLANG_WARN_SUSPICIOUS_MOVE = YES;
				CLANG_WARN_UNGUARDED_AVAILABILITY = YES_AGGRESSIVE;
				CLANG_WARN_UNREACHABLE_CODE = YES;
				CLANG_WARN__DUPLICATE_METHOD_MATCH = YES;
				COPY_PHASE_STRIP = NO;
				DEBUG_INFORMATION_FORMAT = dwarf;
				ENABLE_STRICT_OBJC_MSGSEND = YES;
				ENABLE_TESTABILITY = YES;
				GCC_C_LANGUAGE_STANDARD = gnu11;
				GCC_DYNAMIC_NO_PIC = NO;
				GCC_NO_COMMON_BLOCKS = YES;
				GCC_OPTIMIZATION_LEVEL = 0;
				GCC_PREPROCESSOR_DEFINITIONS = (
					"DEBUG=1",
					"$(inherited)",
				);
				GCC_WARN_64_TO_32_BIT_CONVERSION = YES;
				GCC_WARN_ABOUT_RETURN_TYPE = YES_ERROR;
				GCC_WARN_UNDECLARED_SELECTOR = YES;
				GCC_WARN_UNINITIALIZED_AUTOS = YES_AGGRESSIVE;
				GCC_WARN_UNUSED_FUNCTION = YES;
				GCC_WARN_UNUSED_VARIABLE = YES;
				IPHONEOS_DEPLOYMENT_TARGET = 16.2;
				MTL_ENABLE_DEBUG_INFO = INCLUDE_SOURCE;
				MTL_FAST_MATH = YES;
				ONLY_ACTIVE_ARCH = YES;
				SDKROOT = iphoneos;
				SWIFT_ACTIVE_COMPILATION_CONDITIONS = DEBUG;
				SWIFT_OPTIMIZATION_LEVEL = "-Onone";
			};
			name = Debug;
		};
		0732019F29A17E650086FAC8 /* Release */ = {
			isa = XCBuildConfiguration;
			buildSettings = {
				ALWAYS_SEARCH_USER_PATHS = NO;
				CLANG_ANALYZER_NONNULL = YES;
				CLANG_ANALYZER_NUMBER_OBJECT_CONVERSION = YES_AGGRESSIVE;
				CLANG_CXX_LANGUAGE_STANDARD = "gnu++20";
				CLANG_ENABLE_MODULES = YES;
				CLANG_ENABLE_OBJC_ARC = YES;
				CLANG_ENABLE_OBJC_WEAK = YES;
				CLANG_WARN_BLOCK_CAPTURE_AUTORELEASING = YES;
				CLANG_WARN_BOOL_CONVERSION = YES;
				CLANG_WARN_COMMA = YES;
				CLANG_WARN_CONSTANT_CONVERSION = YES;
				CLANG_WARN_DEPRECATED_OBJC_IMPLEMENTATIONS = YES;
				CLANG_WARN_DIRECT_OBJC_ISA_USAGE = YES_ERROR;
				CLANG_WARN_DOCUMENTATION_COMMENTS = YES;
				CLANG_WARN_EMPTY_BODY = YES;
				CLANG_WARN_ENUM_CONVERSION = YES;
				CLANG_WARN_INFINITE_RECURSION = YES;
				CLANG_WARN_INT_CONVERSION = YES;
				CLANG_WARN_NON_LITERAL_NULL_CONVERSION = YES;
				CLANG_WARN_OBJC_IMPLICIT_RETAIN_SELF = YES;
				CLANG_WARN_OBJC_LITERAL_CONVERSION = YES;
				CLANG_WARN_OBJC_ROOT_CLASS = YES_ERROR;
				CLANG_WARN_QUOTED_INCLUDE_IN_FRAMEWORK_HEADER = YES;
				CLANG_WARN_RANGE_LOOP_ANALYSIS = YES;
				CLANG_WARN_STRICT_PROTOTYPES = YES;
				CLANG_WARN_SUSPICIOUS_MOVE = YES;
				CLANG_WARN_UNGUARDED_AVAILABILITY = YES_AGGRESSIVE;
				CLANG_WARN_UNREACHABLE_CODE = YES;
				CLANG_WARN__DUPLICATE_METHOD_MATCH = YES;
				COPY_PHASE_STRIP = NO;
				DEBUG_INFORMATION_FORMAT = "dwarf-with-dsym";
				ENABLE_NS_ASSERTIONS = NO;
				ENABLE_STRICT_OBJC_MSGSEND = YES;
				GCC_C_LANGUAGE_STANDARD = gnu11;
				GCC_NO_COMMON_BLOCKS = YES;
				GCC_WARN_64_TO_32_BIT_CONVERSION = YES;
				GCC_WARN_ABOUT_RETURN_TYPE = YES_ERROR;
				GCC_WARN_UNDECLARED_SELECTOR = YES;
				GCC_WARN_UNINITIALIZED_AUTOS = YES_AGGRESSIVE;
				GCC_WARN_UNUSED_FUNCTION = YES;
				GCC_WARN_UNUSED_VARIABLE = YES;
				IPHONEOS_DEPLOYMENT_TARGET = 16.2;
				MTL_ENABLE_DEBUG_INFO = NO;
				MTL_FAST_MATH = YES;
				SDKROOT = iphoneos;
				SWIFT_COMPILATION_MODE = wholemodule;
				SWIFT_OPTIMIZATION_LEVEL = "-O";
				VALIDATE_PRODUCT = YES;
			};
			name = Release;
		};
		073201A129A17E650086FAC8 /* Debug */ = {
			isa = XCBuildConfiguration;
			buildSettings = {
				ASSETCATALOG_COMPILER_APPICON_NAME = AppIcon;
				ASSETCATALOG_COMPILER_GLOBAL_ACCENT_COLOR_NAME = AccentColor;
				CODE_SIGN_STYLE = Automatic;
				CURRENT_PROJECT_VERSION = 1;
				DEVELOPMENT_TEAM = PK26VJ57ZY;
				GENERATE_INFOPLIST_FILE = YES;
				INFOPLIST_FILE = SearchDaumBlog/Info.plist;
				INFOPLIST_KEY_UIApplicationSupportsIndirectInputEvents = YES;
				INFOPLIST_KEY_UILaunchStoryboardName = LaunchScreen;
				INFOPLIST_KEY_UISupportedInterfaceOrientations_iPad = "UIInterfaceOrientationPortrait UIInterfaceOrientationPortraitUpsideDown UIInterfaceOrientationLandscapeLeft UIInterfaceOrientationLandscapeRight";
				INFOPLIST_KEY_UISupportedInterfaceOrientations_iPhone = "UIInterfaceOrientationPortrait UIInterfaceOrientationLandscapeLeft UIInterfaceOrientationLandscapeRight";
				LD_RUNPATH_SEARCH_PATHS = (
					"$(inherited)",
					"@executable_path/Frameworks",
				);
				MARKETING_VERSION = 1.0;
				PRODUCT_BUNDLE_IDENTIFIER = com.donggu.SearchDaumBlog;
				PRODUCT_NAME = "$(TARGET_NAME)";
				SWIFT_EMIT_LOC_STRINGS = YES;
				SWIFT_VERSION = 5.0;
				TARGETED_DEVICE_FAMILY = "1,2";
			};
			name = Debug;
		};
		073201A229A17E650086FAC8 /* Release */ = {
			isa = XCBuildConfiguration;
			buildSettings = {
				ASSETCATALOG_COMPILER_APPICON_NAME = AppIcon;
				ASSETCATALOG_COMPILER_GLOBAL_ACCENT_COLOR_NAME = AccentColor;
				CODE_SIGN_STYLE = Automatic;
				CURRENT_PROJECT_VERSION = 1;
				DEVELOPMENT_TEAM = PK26VJ57ZY;
				GENERATE_INFOPLIST_FILE = YES;
				INFOPLIST_FILE = SearchDaumBlog/Info.plist;
				INFOPLIST_KEY_UIApplicationSupportsIndirectInputEvents = YES;
				INFOPLIST_KEY_UILaunchStoryboardName = LaunchScreen;
				INFOPLIST_KEY_UISupportedInterfaceOrientations_iPad = "UIInterfaceOrientationPortrait UIInterfaceOrientationPortraitUpsideDown UIInterfaceOrientationLandscapeLeft UIInterfaceOrientationLandscapeRight";
				INFOPLIST_KEY_UISupportedInterfaceOrientations_iPhone = "UIInterfaceOrientationPortrait UIInterfaceOrientationLandscapeLeft UIInterfaceOrientationLandscapeRight";
				LD_RUNPATH_SEARCH_PATHS = (
					"$(inherited)",
					"@executable_path/Frameworks",
				);
				MARKETING_VERSION = 1.0;
				PRODUCT_BUNDLE_IDENTIFIER = com.donggu.SearchDaumBlog;
				PRODUCT_NAME = "$(TARGET_NAME)";
				SWIFT_EMIT_LOC_STRINGS = YES;
				SWIFT_VERSION = 5.0;
				TARGETED_DEVICE_FAMILY = "1,2";
			};
			name = Release;
		};
/* End XCBuildConfiguration section */

/* Begin XCConfigurationList section */
		0732018729A17E640086FAC8 /* Build configuration list for PBXProject "SearchDaumBlog" */ = {
			isa = XCConfigurationList;
			buildConfigurations = (
				0732019E29A17E650086FAC8 /* Debug */,
				0732019F29A17E650086FAC8 /* Release */,
			);
			defaultConfigurationIsVisible = 0;
			defaultConfigurationName = Release;
		};
		073201A029A17E650086FAC8 /* Build configuration list for PBXNativeTarget "SearchDaumBlog" */ = {
			isa = XCConfigurationList;
			buildConfigurations = (
				073201A129A17E650086FAC8 /* Debug */,
				073201A229A17E650086FAC8 /* Release */,
			);
			defaultConfigurationIsVisible = 0;
			defaultConfigurationName = Release;
		};
/* End XCConfigurationList section */

/* Begin XCRemoteSwiftPackageReference section */
		073201A329A17E8D0086FAC8 /* XCRemoteSwiftPackageReference "RxSwift" */ = {
			isa = XCRemoteSwiftPackageReference;
			repositoryURL = "https://github.com/ReactiveX/RxSwift.git";
			requirement = {
				branch = main;
				kind = branch;
			};
		};
		073201AA29A17EB90086FAC8 /* XCRemoteSwiftPackageReference "SnapKit" */ = {
			isa = XCRemoteSwiftPackageReference;
			repositoryURL = "https://github.com/SnapKit/SnapKit.git";
			requirement = {
				kind = upToNextMajorVersion;
				minimumVersion = 5.0.0;
			};
		};
		073201AD29A17ECB0086FAC8 /* XCRemoteSwiftPackageReference "Kingfisher" */ = {
			isa = XCRemoteSwiftPackageReference;
			repositoryURL = "https://github.com/onevcat/Kingfisher.git";
			requirement = {
				kind = upToNextMajorVersion;
				minimumVersion = 7.0.0;
			};
		};
/* End XCRemoteSwiftPackageReference section */

/* Begin XCSwiftPackageProductDependency section */
		073201A429A17E8D0086FAC8 /* RxCocoa */ = {
			isa = XCSwiftPackageProductDependency;
			package = 073201A329A17E8D0086FAC8 /* XCRemoteSwiftPackageReference "RxSwift" */;
			productName = RxCocoa;
		};
		073201A629A17E8D0086FAC8 /* RxRelay */ = {
			isa = XCSwiftPackageProductDependency;
			package = 073201A329A17E8D0086FAC8 /* XCRemoteSwiftPackageReference "RxSwift" */;
			productName = RxRelay;
		};
		073201A829A17E8D0086FAC8 /* RxSwift */ = {
			isa = XCSwiftPackageProductDependency;
			package = 073201A329A17E8D0086FAC8 /* XCRemoteSwiftPackageReference "RxSwift" */;
			productName = RxSwift;
		};
		073201AB29A17EB90086FAC8 /* SnapKit */ = {
			isa = XCSwiftPackageProductDependency;
			package = 073201AA29A17EB90086FAC8 /* XCRemoteSwiftPackageReference "SnapKit" */;
			productName = SnapKit;
		};
		073201AE29A17ECB0086FAC8 /* Kingfisher */ = {
			isa = XCSwiftPackageProductDependency;
			package = 073201AD29A17ECB0086FAC8 /* XCRemoteSwiftPackageReference "Kingfisher" */;
			productName = Kingfisher;
		};
/* End XCSwiftPackageProductDependency section */
	};
	rootObject = 0732018429A17E640086FAC8 /* Project object */;
}
